// !$*UTF8*$!
{
	archiveVersion = 1;
	classes = {
	};
	objectVersion = 56;
	objects = {

/* Begin PBXBuildFile section */
		D002D80D2CAE901C002D7822 /* TopicViewModel.swift in Sources */ = {isa = PBXBuildFile; fileRef = D002D80C2CAE901C002D7822 /* TopicViewModel.swift */; };
		D002D8102CAE911C002D7822 /* TopicListView.swift in Sources */ = {isa = PBXBuildFile; fileRef = D002D80F2CAE911C002D7822 /* TopicListView.swift */; };
		D0240F2C2CAF70DF000AB519 /* CreateTopicView.swift in Sources */ = {isa = PBXBuildFile; fileRef = D0240F2B2CAF70DF000AB519 /* CreateTopicView.swift */; };
		D07B16F22CAB9D2A00A5532F /* TopicRepository.swift in Sources */ = {isa = PBXBuildFile; fileRef = D07B16F12CAB9D2A00A5532F /* TopicRepository.swift */; };
		D07B16F52CAB9DFA00A5532F /* NetworkError.swift in Sources */ = {isa = PBXBuildFile; fileRef = D07B16F42CAB9DFA00A5532F /* NetworkError.swift */; };
		D07B16F72CAB9E7000A5532F /* BaseResponse.swift in Sources */ = {isa = PBXBuildFile; fileRef = D07B16F62CAB9E7000A5532F /* BaseResponse.swift */; };
		D07B16FA2CABB61D00A5532F /* TopicModel.swift in Sources */ = {isa = PBXBuildFile; fileRef = D07B16F92CABB61D00A5532F /* TopicModel.swift */; };
		D07B16FC2CABB64200A5532F /* PhraseCardModel.swift in Sources */ = {isa = PBXBuildFile; fileRef = D07B16FB2CABB64200A5532F /* PhraseCardModel.swift */; };
		D07B16FE2CABE6F000A5532F /* TopicUseCase.swift in Sources */ = {isa = PBXBuildFile; fileRef = D07B16FD2CABE6F000A5532F /* TopicUseCase.swift */; };
		D086BA232C99357E005582C9 /* MacroProjectApp.swift in Sources */ = {isa = PBXBuildFile; fileRef = D086BA222C99357E005582C9 /* MacroProjectApp.swift */; };
		D086BA252C99357E005582C9 /* ContentView.swift in Sources */ = {isa = PBXBuildFile; fileRef = D086BA242C99357E005582C9 /* ContentView.swift */; };
		D086BA292C993581005582C9 /* Assets.xcassets in Resources */ = {isa = PBXBuildFile; fileRef = D086BA282C993581005582C9 /* Assets.xcassets */; };
		D086BA2C2C993581005582C9 /* Preview Assets.xcassets in Resources */ = {isa = PBXBuildFile; fileRef = D086BA2B2C993581005582C9 /* Preview Assets.xcassets */; };
		D086BA402C9A8222005582C9 /* SwiftDataContextManager.swift in Sources */ = {isa = PBXBuildFile; fileRef = D086BA3F2C9A8222005582C9 /* SwiftDataContextManager.swift */; };
		D0EEA6082CAA86FE0030BB93 /* TopicEntity.swift in Sources */ = {isa = PBXBuildFile; fileRef = D0EEA6072CAA86FE0030BB93 /* TopicEntity.swift */; };
		D0EEA60A2CAA87880030BB93 /* PhraseCardEntity.swift in Sources */ = {isa = PBXBuildFile; fileRef = D0EEA6092CAA87880030BB93 /* PhraseCardEntity.swift */; };
		D999656F2CAE9F9500713F51 /* Auth in Frameworks */ = {isa = PBXBuildFile; productRef = D999656E2CAE9F9500713F51 /* Auth */; };
		D99965712CAE9F9500713F51 /* Functions in Frameworks */ = {isa = PBXBuildFile; productRef = D99965702CAE9F9500713F51 /* Functions */; };
		D99965732CAE9F9500713F51 /* PostgREST in Frameworks */ = {isa = PBXBuildFile; productRef = D99965722CAE9F9500713F51 /* PostgREST */; };
		D99965752CAE9F9500713F51 /* Realtime in Frameworks */ = {isa = PBXBuildFile; productRef = D99965742CAE9F9500713F51 /* Realtime */; };
		D99965772CAE9F9500713F51 /* Storage in Frameworks */ = {isa = PBXBuildFile; productRef = D99965762CAE9F9500713F51 /* Storage */; };
		D99965792CAE9F9500713F51 /* Supabase in Frameworks */ = {isa = PBXBuildFile; productRef = D99965782CAE9F9500713F51 /* Supabase */; };
		D999657C2CAFBB5800713F51 /* SupabaseService.swift in Sources */ = {isa = PBXBuildFile; fileRef = D999657B2CAFBB4400713F51 /* SupabaseService.swift */; };
		D999659A2CAFC12700713F51 /* TopicCardStudy.swift in Sources */ = {isa = PBXBuildFile; fileRef = D99965992CAFC12700713F51 /* TopicCardStudy.swift */; };
		D999659B2CAFC12700713F51 /* PhraseCardPreview.swift in Sources */ = {isa = PBXBuildFile; fileRef = D99965972CAFC12700713F51 /* PhraseCardPreview.swift */; };
		D999659C2CAFC12700713F51 /* Flashcard.swift in Sources */ = {isa = PBXBuildFile; fileRef = D99965962CAFC12700713F51 /* Flashcard.swift */; };
		D999659D2CAFC12700713F51 /* TopicCardReview.swift in Sources */ = {isa = PBXBuildFile; fileRef = D99965982CAFC12700713F51 /* TopicCardReview.swift */; };
		D9A2F3232CB3CD8B00757AA4 /* DataSynchronizer.swift in Sources */ = {isa = PBXBuildFile; fileRef = D9A2F3222CB3CD7700757AA4 /* DataSynchronizer.swift */; };
		D9A2F3252CB3D16600757AA4 /* Supabase in Frameworks */ = {isa = PBXBuildFile; productRef = D9A2F3242CB3D16600757AA4 /* Supabase */; };
		D9A2F3272CB3D18F00757AA4 /* Auth in Frameworks */ = {isa = PBXBuildFile; productRef = D9A2F3262CB3D18F00757AA4 /* Auth */; };
		D9A2F3292CB3D18F00757AA4 /* Functions in Frameworks */ = {isa = PBXBuildFile; productRef = D9A2F3282CB3D18F00757AA4 /* Functions */; };
		D9A2F32B2CB3D18F00757AA4 /* PostgREST in Frameworks */ = {isa = PBXBuildFile; productRef = D9A2F32A2CB3D18F00757AA4 /* PostgREST */; };
		D9A2F32D2CB3D18F00757AA4 /* Realtime in Frameworks */ = {isa = PBXBuildFile; productRef = D9A2F32C2CB3D18F00757AA4 /* Realtime */; };
		D9A2F32F2CB3D18F00757AA4 /* Storage in Frameworks */ = {isa = PBXBuildFile; productRef = D9A2F32E2CB3D18F00757AA4 /* Storage */; };
		D9A2F3312CB3D18F00757AA4 /* Supabase in Frameworks */ = {isa = PBXBuildFile; productRef = D9A2F3302CB3D18F00757AA4 /* Supabase */; };
/* End PBXBuildFile section */

/* Begin PBXFileReference section */
		D002D80C2CAE901C002D7822 /* TopicViewModel.swift */ = {isa = PBXFileReference; lastKnownFileType = sourcecode.swift; path = TopicViewModel.swift; sourceTree = "<group>"; };
		D002D80F2CAE911C002D7822 /* TopicListView.swift */ = {isa = PBXFileReference; lastKnownFileType = sourcecode.swift; path = TopicListView.swift; sourceTree = "<group>"; };
		D0240F2B2CAF70DF000AB519 /* CreateTopicView.swift */ = {isa = PBXFileReference; lastKnownFileType = sourcecode.swift; path = CreateTopicView.swift; sourceTree = "<group>"; };
		D07B16F12CAB9D2A00A5532F /* TopicRepository.swift */ = {isa = PBXFileReference; lastKnownFileType = sourcecode.swift; path = TopicRepository.swift; sourceTree = "<group>"; };
		D07B16F42CAB9DFA00A5532F /* NetworkError.swift */ = {isa = PBXFileReference; lastKnownFileType = sourcecode.swift; path = NetworkError.swift; sourceTree = "<group>"; };
		D07B16F62CAB9E7000A5532F /* BaseResponse.swift */ = {isa = PBXFileReference; lastKnownFileType = sourcecode.swift; path = BaseResponse.swift; sourceTree = "<group>"; };
		D07B16F92CABB61D00A5532F /* TopicModel.swift */ = {isa = PBXFileReference; lastKnownFileType = sourcecode.swift; path = TopicModel.swift; sourceTree = "<group>"; };
		D07B16FB2CABB64200A5532F /* PhraseCardModel.swift */ = {isa = PBXFileReference; lastKnownFileType = sourcecode.swift; path = PhraseCardModel.swift; sourceTree = "<group>"; };
		D07B16FD2CABE6F000A5532F /* TopicUseCase.swift */ = {isa = PBXFileReference; lastKnownFileType = sourcecode.swift; path = TopicUseCase.swift; sourceTree = "<group>"; };
		D086BA1F2C99357E005582C9 /* MacroProject.app */ = {isa = PBXFileReference; explicitFileType = wrapper.application; includeInIndex = 0; path = MacroProject.app; sourceTree = BUILT_PRODUCTS_DIR; };
		D086BA222C99357E005582C9 /* MacroProjectApp.swift */ = {isa = PBXFileReference; lastKnownFileType = sourcecode.swift; path = MacroProjectApp.swift; sourceTree = "<group>"; };
		D086BA242C99357E005582C9 /* ContentView.swift */ = {isa = PBXFileReference; lastKnownFileType = sourcecode.swift; path = ContentView.swift; sourceTree = "<group>"; };
		D086BA282C993581005582C9 /* Assets.xcassets */ = {isa = PBXFileReference; lastKnownFileType = folder.assetcatalog; path = Assets.xcassets; sourceTree = "<group>"; };
		D086BA2B2C993581005582C9 /* Preview Assets.xcassets */ = {isa = PBXFileReference; lastKnownFileType = folder.assetcatalog; path = "Preview Assets.xcassets"; sourceTree = "<group>"; };
		D086BA3F2C9A8222005582C9 /* SwiftDataContextManager.swift */ = {isa = PBXFileReference; lastKnownFileType = sourcecode.swift; path = SwiftDataContextManager.swift; sourceTree = "<group>"; };
		D0EEA6072CAA86FE0030BB93 /* TopicEntity.swift */ = {isa = PBXFileReference; lastKnownFileType = sourcecode.swift; path = TopicEntity.swift; sourceTree = "<group>"; };
		D0EEA6092CAA87880030BB93 /* PhraseCardEntity.swift */ = {isa = PBXFileReference; lastKnownFileType = sourcecode.swift; path = PhraseCardEntity.swift; sourceTree = "<group>"; };
		D999657B2CAFBB4400713F51 /* SupabaseService.swift */ = {isa = PBXFileReference; lastKnownFileType = sourcecode.swift; path = SupabaseService.swift; sourceTree = "<group>"; };
		D99965962CAFC12700713F51 /* Flashcard.swift */ = {isa = PBXFileReference; lastKnownFileType = sourcecode.swift; path = Flashcard.swift; sourceTree = "<group>"; };
		D99965972CAFC12700713F51 /* PhraseCardPreview.swift */ = {isa = PBXFileReference; lastKnownFileType = sourcecode.swift; path = PhraseCardPreview.swift; sourceTree = "<group>"; };
		D99965982CAFC12700713F51 /* TopicCardReview.swift */ = {isa = PBXFileReference; lastKnownFileType = sourcecode.swift; path = TopicCardReview.swift; sourceTree = "<group>"; };
		D99965992CAFC12700713F51 /* TopicCardStudy.swift */ = {isa = PBXFileReference; lastKnownFileType = sourcecode.swift; path = TopicCardStudy.swift; sourceTree = "<group>"; };
		D9A2F3222CB3CD7700757AA4 /* DataSynchronizer.swift */ = {isa = PBXFileReference; lastKnownFileType = sourcecode.swift; path = DataSynchronizer.swift; sourceTree = "<group>"; };
/* End PBXFileReference section */

/* Begin PBXFrameworksBuildPhase section */
		D086BA1C2C99357E005582C9 /* Frameworks */ = {
			isa = PBXFrameworksBuildPhase;
			buildActionMask = 2147483647;
			files = (
				D9A2F32F2CB3D18F00757AA4 /* Storage in Frameworks */,
				D9A2F3252CB3D16600757AA4 /* Supabase in Frameworks */,
				D99965732CAE9F9500713F51 /* PostgREST in Frameworks */,
				D99965712CAE9F9500713F51 /* Functions in Frameworks */,
				D9A2F3292CB3D18F00757AA4 /* Functions in Frameworks */,
				D9A2F32B2CB3D18F00757AA4 /* PostgREST in Frameworks */,
				D99965792CAE9F9500713F51 /* Supabase in Frameworks */,
				D999656F2CAE9F9500713F51 /* Auth in Frameworks */,
				D99965772CAE9F9500713F51 /* Storage in Frameworks */,
				D9A2F3272CB3D18F00757AA4 /* Auth in Frameworks */,
				D99965752CAE9F9500713F51 /* Realtime in Frameworks */,
				D9A2F32D2CB3D18F00757AA4 /* Realtime in Frameworks */,
				D9A2F3312CB3D18F00757AA4 /* Supabase in Frameworks */,
			);
			runOnlyForDeploymentPostprocessing = 0;
		};
/* End PBXFrameworksBuildPhase section */

/* Begin PBXGroup section */
		D002D80E2CAE910A002D7822 /* Pages */ = {
			isa = PBXGroup;
			children = (
				D002D80F2CAE911C002D7822 /* TopicListView.swift */,
				D0240F2B2CAF70DF000AB519 /* CreateTopicView.swift */,
			);
			path = Pages;
			sourceTree = "<group>";
		};
		D07B16F32CAB9DDC00A5532F /* Networking */ = {
			isa = PBXGroup;
			children = (
				D07B16F42CAB9DFA00A5532F /* NetworkError.swift */,
				D07B16F62CAB9E7000A5532F /* BaseResponse.swift */,
			);
			path = Networking;
			sourceTree = "<group>";
		};
		D07B16F82CABB60200A5532F /* Models */ = {
			isa = PBXGroup;
			children = (
				D07B16F92CABB61D00A5532F /* TopicModel.swift */,
				D07B16FB2CABB64200A5532F /* PhraseCardModel.swift */,
			);
			path = Models;
			sourceTree = "<group>";
		};
		D086BA162C99357E005582C9 = {
			isa = PBXGroup;
			children = (
				D086BA212C99357E005582C9 /* MacroProject */,
				D086BA202C99357E005582C9 /* Products */,
			);
			sourceTree = "<group>";
		};
		D086BA202C99357E005582C9 /* Products */ = {
			isa = PBXGroup;
			children = (
				D086BA1F2C99357E005582C9 /* MacroProject.app */,
			);
			name = Products;
			sourceTree = "<group>";
		};
		D086BA212C99357E005582C9 /* MacroProject */ = {
			isa = PBXGroup;
			children = (
				D086BA3E2C9A7FF8005582C9 /* Infrastructure */,
				D0EEA60B2CAAAE4F0030BB93 /* Presentation */,
				D086BA372C9A7807005582C9 /* Data */,
				D086BA322C9A6E95005582C9 /* Domain */,
				D086BA222C99357E005582C9 /* MacroProjectApp.swift */,
				D086BA242C99357E005582C9 /* ContentView.swift */,
				D086BA282C993581005582C9 /* Assets.xcassets */,
				D086BA2A2C993581005582C9 /* Preview Content */,
			);
			path = MacroProject;
			sourceTree = "<group>";
		};
		D086BA2A2C993581005582C9 /* Preview Content */ = {
			isa = PBXGroup;
			children = (
				D086BA2B2C993581005582C9 /* Preview Assets.xcassets */,
			);
			path = "Preview Content";
			sourceTree = "<group>";
		};
		D086BA322C9A6E95005582C9 /* Domain */ = {
			isa = PBXGroup;
			children = (
				D07B16F82CABB60200A5532F /* Models */,
				D086BA342C9A7030005582C9 /* UseCases */,
			);
			path = Domain;
			sourceTree = "<group>";
		};
		D086BA332C9A701F005582C9 /* Entities */ = {
			isa = PBXGroup;
			children = (
				D0EEA6072CAA86FE0030BB93 /* TopicEntity.swift */,
				D0EEA6092CAA87880030BB93 /* PhraseCardEntity.swift */,
			);
			path = Entities;
			sourceTree = "<group>";
		};
		D086BA342C9A7030005582C9 /* UseCases */ = {
			isa = PBXGroup;
			children = (
				D07B16FD2CABE6F000A5532F /* TopicUseCase.swift */,
			);
			path = UseCases;
			sourceTree = "<group>";
		};
		D086BA372C9A7807005582C9 /* Data */ = {
			isa = PBXGroup;
			children = (
				D086BA392C9A7B10005582C9 /* DTO */,
				D086BA382C9A781D005582C9 /* Repositories */,
			);
			path = Data;
			sourceTree = "<group>";
		};
		D086BA382C9A781D005582C9 /* Repositories */ = {
			isa = PBXGroup;
			children = (
				D07B16F12CAB9D2A00A5532F /* TopicRepository.swift */,
			);
			path = Repositories;
			sourceTree = "<group>";
		};
		D086BA392C9A7B10005582C9 /* DTO */ = {
			isa = PBXGroup;
			children = (
				D086BA332C9A701F005582C9 /* Entities */,
			);
			path = DTO;
			sourceTree = "<group>";
		};
		D086BA3E2C9A7FF8005582C9 /* Infrastructure */ = {
			isa = PBXGroup;
			children = (
				D999657A2CAFBB2200713F51 /* Database */,
				D07B16F32CAB9DDC00A5532F /* Networking */,
				D086BA412C9A8227005582C9 /* SwiftData */,
			);
			path = Infrastructure;
			sourceTree = "<group>";
		};
		D086BA412C9A8227005582C9 /* SwiftData */ = {
			isa = PBXGroup;
			children = (
				D086BA3F2C9A8222005582C9 /* SwiftDataContextManager.swift */,
			);
			path = SwiftData;
			sourceTree = "<group>";
		};
		D0EEA60B2CAAAE4F0030BB93 /* Presentation */ = {
			isa = PBXGroup;
			children = (
				D0EEA60D2CAAAF530030BB93 /* ViewModels */,
				D0EEA60C2CAAAF4F0030BB93 /* Views */,
			);
			path = Presentation;
			sourceTree = "<group>";
		};
		D0EEA60C2CAAAF4F0030BB93 /* Views */ = {
			isa = PBXGroup;
			children = (
				D002D80E2CAE910A002D7822 /* Pages */,
				D91580842CAB0AF700398CFD /* Components */,
			);
			path = Views;
			sourceTree = "<group>";
		};
		D0EEA60D2CAAAF530030BB93 /* ViewModels */ = {
			isa = PBXGroup;
			children = (
				D002D80C2CAE901C002D7822 /* TopicViewModel.swift */,
			);
			path = ViewModels;
			sourceTree = "<group>";
		};
		D91580842CAB0AF700398CFD /* Components */ = {
			isa = PBXGroup;
			children = (
				D99965962CAFC12700713F51 /* Flashcard.swift */,
				D99965972CAFC12700713F51 /* PhraseCardPreview.swift */,
				D99965982CAFC12700713F51 /* TopicCardReview.swift */,
				D99965992CAFC12700713F51 /* TopicCardStudy.swift */,
			);
			path = Components;
			sourceTree = "<group>";
		};
		D999657A2CAFBB2200713F51 /* Database */ = {
			isa = PBXGroup;
			children = (
				D9A2F3222CB3CD7700757AA4 /* DataSynchronizer.swift */,
				D999657B2CAFBB4400713F51 /* SupabaseService.swift */,
			);
			path = Database;
			sourceTree = "<group>";
		};
/* End PBXGroup section */

/* Begin PBXNativeTarget section */
		D086BA1E2C99357E005582C9 /* MacroProject */ = {
			isa = PBXNativeTarget;
			buildConfigurationList = D086BA2F2C993581005582C9 /* Build configuration list for PBXNativeTarget "MacroProject" */;
			buildPhases = (
				D086BA1B2C99357E005582C9 /* Sources */,
				D086BA1C2C99357E005582C9 /* Frameworks */,
				D086BA1D2C99357E005582C9 /* Resources */,
			);
			buildRules = (
			);
			dependencies = (
			);
			name = MacroProject;
			productName = MacroProject;
			productReference = D086BA1F2C99357E005582C9 /* MacroProject.app */;
			productType = "com.apple.product-type.application";
		};
/* End PBXNativeTarget section */

/* Begin PBXProject section */
		D086BA172C99357E005582C9 /* Project object */ = {
			isa = PBXProject;
			attributes = {
				BuildIndependentTargetsInParallel = 1;
				LastSwiftUpdateCheck = 1530;
				LastUpgradeCheck = 1530;
				TargetAttributes = {
					D086BA1E2C99357E005582C9 = {
						CreatedOnToolsVersion = 15.3;
					};
				};
			};
			buildConfigurationList = D086BA1A2C99357E005582C9 /* Build configuration list for PBXProject "MacroProject" */;
			compatibilityVersion = "Xcode 14.0";
			developmentRegion = en;
			hasScannedForEncodings = 0;
			knownRegions = (
				en,
				Base,
			);
			mainGroup = D086BA162C99357E005582C9;
			packageReferences = (
				D999656D2CAE9F9500713F51 /* XCRemoteSwiftPackageReference "supabase-swift" */,
			);
			productRefGroup = D086BA202C99357E005582C9 /* Products */;
			projectDirPath = "";
			projectRoot = "";
			targets = (
				D086BA1E2C99357E005582C9 /* MacroProject */,
			);
		};
/* End PBXProject section */

/* Begin PBXResourcesBuildPhase section */
		D086BA1D2C99357E005582C9 /* Resources */ = {
			isa = PBXResourcesBuildPhase;
			buildActionMask = 2147483647;
			files = (
				D086BA2C2C993581005582C9 /* Preview Assets.xcassets in Resources */,
				D086BA292C993581005582C9 /* Assets.xcassets in Resources */,
			);
			runOnlyForDeploymentPostprocessing = 0;
		};
/* End PBXResourcesBuildPhase section */

/* Begin PBXSourcesBuildPhase section */
		D086BA1B2C99357E005582C9 /* Sources */ = {
			isa = PBXSourcesBuildPhase;
			buildActionMask = 2147483647;
			files = (
				D07B16F72CAB9E7000A5532F /* BaseResponse.swift in Sources */,
				D07B16FE2CABE6F000A5532F /* TopicUseCase.swift in Sources */,
				D0EEA60A2CAA87880030BB93 /* PhraseCardEntity.swift in Sources */,
				D07B16FC2CABB64200A5532F /* PhraseCardModel.swift in Sources */,
				D002D80D2CAE901C002D7822 /* TopicViewModel.swift in Sources */,
				D07B16F52CAB9DFA00A5532F /* NetworkError.swift in Sources */,
				D086BA252C99357E005582C9 /* ContentView.swift in Sources */,
				D07B16F22CAB9D2A00A5532F /* TopicRepository.swift in Sources */,
				D07B16FA2CABB61D00A5532F /* TopicModel.swift in Sources */,
				D0240F2C2CAF70DF000AB519 /* CreateTopicView.swift in Sources */,
				D0EEA6082CAA86FE0030BB93 /* TopicEntity.swift in Sources */,
				D086BA232C99357E005582C9 /* MacroProjectApp.swift in Sources */,
				D002D8102CAE911C002D7822 /* TopicListView.swift in Sources */,
				D999659A2CAFC12700713F51 /* TopicCardStudy.swift in Sources */,
				D999659B2CAFC12700713F51 /* PhraseCardPreview.swift in Sources */,
				D999659C2CAFC12700713F51 /* Flashcard.swift in Sources */,
				D9A2F3232CB3CD8B00757AA4 /* DataSynchronizer.swift in Sources */,
				D999659D2CAFC12700713F51 /* TopicCardReview.swift in Sources */,
				D999657C2CAFBB5800713F51 /* SupabaseService.swift in Sources */,
				D086BA402C9A8222005582C9 /* SwiftDataContextManager.swift in Sources */,
			);
			runOnlyForDeploymentPostprocessing = 0;
		};
/* End PBXSourcesBuildPhase section */

/* Begin XCBuildConfiguration section */
		D086BA2D2C993581005582C9 /* Debug */ = {
			isa = XCBuildConfiguration;
			buildSettings = {
				ALWAYS_SEARCH_USER_PATHS = NO;
				ASSETCATALOG_COMPILER_GENERATE_SWIFT_ASSET_SYMBOL_EXTENSIONS = YES;
				CLANG_ANALYZER_NONNULL = YES;
				CLANG_ANALYZER_NUMBER_OBJECT_CONVERSION = YES_AGGRESSIVE;
				CLANG_CXX_LANGUAGE_STANDARD = "gnu++20";
				CLANG_ENABLE_MODULES = YES;
				CLANG_ENABLE_OBJC_ARC = YES;
				CLANG_ENABLE_OBJC_WEAK = YES;
				CLANG_WARN_BLOCK_CAPTURE_AUTORELEASING = YES;
				CLANG_WARN_BOOL_CONVERSION = YES;
				CLANG_WARN_COMMA = YES;
				CLANG_WARN_CONSTANT_CONVERSION = YES;
				CLANG_WARN_DEPRECATED_OBJC_IMPLEMENTATIONS = YES;
				CLANG_WARN_DIRECT_OBJC_ISA_USAGE = YES_ERROR;
				CLANG_WARN_DOCUMENTATION_COMMENTS = YES;
				CLANG_WARN_EMPTY_BODY = YES;
				CLANG_WARN_ENUM_CONVERSION = YES;
				CLANG_WARN_INFINITE_RECURSION = YES;
				CLANG_WARN_INT_CONVERSION = YES;
				CLANG_WARN_NON_LITERAL_NULL_CONVERSION = YES;
				CLANG_WARN_OBJC_IMPLICIT_RETAIN_SELF = YES;
				CLANG_WARN_OBJC_LITERAL_CONVERSION = YES;
				CLANG_WARN_OBJC_ROOT_CLASS = YES_ERROR;
				CLANG_WARN_QUOTED_INCLUDE_IN_FRAMEWORK_HEADER = YES;
				CLANG_WARN_RANGE_LOOP_ANALYSIS = YES;
				CLANG_WARN_STRICT_PROTOTYPES = YES;
				CLANG_WARN_SUSPICIOUS_MOVE = YES;
				CLANG_WARN_UNGUARDED_AVAILABILITY = YES_AGGRESSIVE;
				CLANG_WARN_UNREACHABLE_CODE = YES;
				CLANG_WARN__DUPLICATE_METHOD_MATCH = YES;
				COPY_PHASE_STRIP = NO;
				DEBUG_INFORMATION_FORMAT = dwarf;
				ENABLE_STRICT_OBJC_MSGSEND = YES;
				ENABLE_TESTABILITY = YES;
				ENABLE_USER_SCRIPT_SANDBOXING = YES;
				GCC_C_LANGUAGE_STANDARD = gnu17;
				GCC_DYNAMIC_NO_PIC = NO;
				GCC_NO_COMMON_BLOCKS = YES;
				GCC_OPTIMIZATION_LEVEL = 0;
				GCC_PREPROCESSOR_DEFINITIONS = (
					"DEBUG=1",
					"$(inherited)",
				);
				GCC_WARN_64_TO_32_BIT_CONVERSION = YES;
				GCC_WARN_ABOUT_RETURN_TYPE = YES_ERROR;
				GCC_WARN_UNDECLARED_SELECTOR = YES;
				GCC_WARN_UNINITIALIZED_AUTOS = YES_AGGRESSIVE;
				GCC_WARN_UNUSED_FUNCTION = YES;
				GCC_WARN_UNUSED_VARIABLE = YES;
				IPHONEOS_DEPLOYMENT_TARGET = 17.4;
				LOCALIZATION_PREFERS_STRING_CATALOGS = YES;
				MTL_ENABLE_DEBUG_INFO = INCLUDE_SOURCE;
				MTL_FAST_MATH = YES;
				ONLY_ACTIVE_ARCH = YES;
				SDKROOT = iphoneos;
				SWIFT_ACTIVE_COMPILATION_CONDITIONS = "DEBUG $(inherited)";
				SWIFT_OPTIMIZATION_LEVEL = "-Onone";
			};
			name = Debug;
		};
		D086BA2E2C993581005582C9 /* Release */ = {
			isa = XCBuildConfiguration;
			buildSettings = {
				ALWAYS_SEARCH_USER_PATHS = NO;
				ASSETCATALOG_COMPILER_GENERATE_SWIFT_ASSET_SYMBOL_EXTENSIONS = YES;
				CLANG_ANALYZER_NONNULL = YES;
				CLANG_ANALYZER_NUMBER_OBJECT_CONVERSION = YES_AGGRESSIVE;
				CLANG_CXX_LANGUAGE_STANDARD = "gnu++20";
				CLANG_ENABLE_MODULES = YES;
				CLANG_ENABLE_OBJC_ARC = YES;
				CLANG_ENABLE_OBJC_WEAK = YES;
				CLANG_WARN_BLOCK_CAPTURE_AUTORELEASING = YES;
				CLANG_WARN_BOOL_CONVERSION = YES;
				CLANG_WARN_COMMA = YES;
				CLANG_WARN_CONSTANT_CONVERSION = YES;
				CLANG_WARN_DEPRECATED_OBJC_IMPLEMENTATIONS = YES;
				CLANG_WARN_DIRECT_OBJC_ISA_USAGE = YES_ERROR;
				CLANG_WARN_DOCUMENTATION_COMMENTS = YES;
				CLANG_WARN_EMPTY_BODY = YES;
				CLANG_WARN_ENUM_CONVERSION = YES;
				CLANG_WARN_INFINITE_RECURSION = YES;
				CLANG_WARN_INT_CONVERSION = YES;
				CLANG_WARN_NON_LITERAL_NULL_CONVERSION = YES;
				CLANG_WARN_OBJC_IMPLICIT_RETAIN_SELF = YES;
				CLANG_WARN_OBJC_LITERAL_CONVERSION = YES;
				CLANG_WARN_OBJC_ROOT_CLASS = YES_ERROR;
				CLANG_WARN_QUOTED_INCLUDE_IN_FRAMEWORK_HEADER = YES;
				CLANG_WARN_RANGE_LOOP_ANALYSIS = YES;
				CLANG_WARN_STRICT_PROTOTYPES = YES;
				CLANG_WARN_SUSPICIOUS_MOVE = YES;
				CLANG_WARN_UNGUARDED_AVAILABILITY = YES_AGGRESSIVE;
				CLANG_WARN_UNREACHABLE_CODE = YES;
				CLANG_WARN__DUPLICATE_METHOD_MATCH = YES;
				COPY_PHASE_STRIP = NO;
				DEBUG_INFORMATION_FORMAT = "dwarf-with-dsym";
				ENABLE_NS_ASSERTIONS = NO;
				ENABLE_STRICT_OBJC_MSGSEND = YES;
				ENABLE_USER_SCRIPT_SANDBOXING = YES;
				GCC_C_LANGUAGE_STANDARD = gnu17;
				GCC_NO_COMMON_BLOCKS = YES;
				GCC_WARN_64_TO_32_BIT_CONVERSION = YES;
				GCC_WARN_ABOUT_RETURN_TYPE = YES_ERROR;
				GCC_WARN_UNDECLARED_SELECTOR = YES;
				GCC_WARN_UNINITIALIZED_AUTOS = YES_AGGRESSIVE;
				GCC_WARN_UNUSED_FUNCTION = YES;
				GCC_WARN_UNUSED_VARIABLE = YES;
				IPHONEOS_DEPLOYMENT_TARGET = 17.4;
				LOCALIZATION_PREFERS_STRING_CATALOGS = YES;
				MTL_ENABLE_DEBUG_INFO = NO;
				MTL_FAST_MATH = YES;
				SDKROOT = iphoneos;
				SWIFT_COMPILATION_MODE = wholemodule;
				VALIDATE_PRODUCT = YES;
			};
			name = Release;
		};
		D086BA302C993581005582C9 /* Debug */ = {
			isa = XCBuildConfiguration;
			buildSettings = {
				ASSETCATALOG_COMPILER_APPICON_NAME = AppIcon;
				ASSETCATALOG_COMPILER_GLOBAL_ACCENT_COLOR_NAME = AccentColor;
				CODE_SIGN_STYLE = Automatic;
				CURRENT_PROJECT_VERSION = 1;
				DEVELOPMENT_ASSET_PATHS = "\"MacroProject/Preview Content\"";
				DEVELOPMENT_TEAM = ZSHV98B7GC;
				ENABLE_PREVIEWS = YES;
				GENERATE_INFOPLIST_FILE = YES;
				INFOPLIST_KEY_UIApplicationSceneManifest_Generation = YES;
				INFOPLIST_KEY_UIApplicationSupportsIndirectInputEvents = YES;
				INFOPLIST_KEY_UILaunchScreen_Generation = YES;
				INFOPLIST_KEY_UISupportedInterfaceOrientations_iPad = "UIInterfaceOrientationPortrait UIInterfaceOrientationPortraitUpsideDown UIInterfaceOrientationLandscapeLeft UIInterfaceOrientationLandscapeRight";
				INFOPLIST_KEY_UISupportedInterfaceOrientations_iPhone = "UIInterfaceOrientationPortrait UIInterfaceOrientationLandscapeLeft UIInterfaceOrientationLandscapeRight";
				LD_RUNPATH_SEARCH_PATHS = (
					"$(inherited)",
					"@executable_path/Frameworks",
				);
				MARKETING_VERSION = 1.0;
				PRODUCT_BUNDLE_IDENTIFIER = "Agfi-Hermawan.MacroProject";
				PRODUCT_NAME = "$(TARGET_NAME)";
				SWIFT_EMIT_LOC_STRINGS = YES;
				SWIFT_VERSION = 5.0;
				TARGETED_DEVICE_FAMILY = "1,2";
			};
			name = Debug;
		};
		D086BA312C993581005582C9 /* Release */ = {
			isa = XCBuildConfiguration;
			buildSettings = {
				ASSETCATALOG_COMPILER_APPICON_NAME = AppIcon;
				ASSETCATALOG_COMPILER_GLOBAL_ACCENT_COLOR_NAME = AccentColor;
				CODE_SIGN_STYLE = Automatic;
				CURRENT_PROJECT_VERSION = 1;
				DEVELOPMENT_ASSET_PATHS = "\"MacroProject/Preview Content\"";
				DEVELOPMENT_TEAM = ZSHV98B7GC;
				ENABLE_PREVIEWS = YES;
				GENERATE_INFOPLIST_FILE = YES;
				INFOPLIST_KEY_UIApplicationSceneManifest_Generation = YES;
				INFOPLIST_KEY_UIApplicationSupportsIndirectInputEvents = YES;
				INFOPLIST_KEY_UILaunchScreen_Generation = YES;
				INFOPLIST_KEY_UISupportedInterfaceOrientations_iPad = "UIInterfaceOrientationPortrait UIInterfaceOrientationPortraitUpsideDown UIInterfaceOrientationLandscapeLeft UIInterfaceOrientationLandscapeRight";
				INFOPLIST_KEY_UISupportedInterfaceOrientations_iPhone = "UIInterfaceOrientationPortrait UIInterfaceOrientationLandscapeLeft UIInterfaceOrientationLandscapeRight";
				LD_RUNPATH_SEARCH_PATHS = (
					"$(inherited)",
					"@executable_path/Frameworks",
				);
				MARKETING_VERSION = 1.0;
				PRODUCT_BUNDLE_IDENTIFIER = "Agfi-Hermawan.MacroProject";
				PRODUCT_NAME = "$(TARGET_NAME)";
				SWIFT_EMIT_LOC_STRINGS = YES;
				SWIFT_VERSION = 5.0;
				TARGETED_DEVICE_FAMILY = "1,2";
			};
			name = Release;
		};
/* End XCBuildConfiguration section */

/* Begin XCConfigurationList section */
		D086BA1A2C99357E005582C9 /* Build configuration list for PBXProject "MacroProject" */ = {
			isa = XCConfigurationList;
			buildConfigurations = (
				D086BA2D2C993581005582C9 /* Debug */,
				D086BA2E2C993581005582C9 /* Release */,
			);
			defaultConfigurationIsVisible = 0;
			defaultConfigurationName = Release;
		};
		D086BA2F2C993581005582C9 /* Build configuration list for PBXNativeTarget "MacroProject" */ = {
			isa = XCConfigurationList;
			buildConfigurations = (
				D086BA302C993581005582C9 /* Debug */,
				D086BA312C993581005582C9 /* Release */,
			);
			defaultConfigurationIsVisible = 0;
			defaultConfigurationName = Release;
		};
/* End XCConfigurationList section */

/* Begin XCRemoteSwiftPackageReference section */
		D999656D2CAE9F9500713F51 /* XCRemoteSwiftPackageReference "supabase-swift" */ = {
			isa = XCRemoteSwiftPackageReference;
			repositoryURL = "https://github.com/supabase/supabase-swift.git";
			requirement = {
				kind = upToNextMajorVersion;
				minimumVersion = 2.5.1;
			};
		};
/* End XCRemoteSwiftPackageReference section */

/* Begin XCSwiftPackageProductDependency section */
		D999656E2CAE9F9500713F51 /* Auth */ = {
			isa = XCSwiftPackageProductDependency;
			package = D999656D2CAE9F9500713F51 /* XCRemoteSwiftPackageReference "supabase-swift" */;
			productName = Auth;
		};
		D99965702CAE9F9500713F51 /* Functions */ = {
			isa = XCSwiftPackageProductDependency;
			package = D999656D2CAE9F9500713F51 /* XCRemoteSwiftPackageReference "supabase-swift" */;
			productName = Functions;
		};
		D99965722CAE9F9500713F51 /* PostgREST */ = {
			isa = XCSwiftPackageProductDependency;
			package = D999656D2CAE9F9500713F51 /* XCRemoteSwiftPackageReference "supabase-swift" */;
			productName = PostgREST;
		};
		D99965742CAE9F9500713F51 /* Realtime */ = {
			isa = XCSwiftPackageProductDependency;
			package = D999656D2CAE9F9500713F51 /* XCRemoteSwiftPackageReference "supabase-swift" */;
			productName = Realtime;
		};
		D99965762CAE9F9500713F51 /* Storage */ = {
			isa = XCSwiftPackageProductDependency;
			package = D999656D2CAE9F9500713F51 /* XCRemoteSwiftPackageReference "supabase-swift" */;
			productName = Storage;
		};
		D99965782CAE9F9500713F51 /* Supabase */ = {
			isa = XCSwiftPackageProductDependency;
			package = D999656D2CAE9F9500713F51 /* XCRemoteSwiftPackageReference "supabase-swift" */;
			productName = Supabase;
		};
		D9A2F3242CB3D16600757AA4 /* Supabase */ = {
			isa = XCSwiftPackageProductDependency;
			package = D999656D2CAE9F9500713F51 /* XCRemoteSwiftPackageReference "supabase-swift" */;
			productName = Supabase;
		};
		D9A2F3262CB3D18F00757AA4 /* Auth */ = {
			isa = XCSwiftPackageProductDependency;
			package = D999656D2CAE9F9500713F51 /* XCRemoteSwiftPackageReference "supabase-swift" */;
			productName = Auth;
		};
		D9A2F3282CB3D18F00757AA4 /* Functions */ = {
			isa = XCSwiftPackageProductDependency;
			package = D999656D2CAE9F9500713F51 /* XCRemoteSwiftPackageReference "supabase-swift" */;
			productName = Functions;
		};
		D9A2F32A2CB3D18F00757AA4 /* PostgREST */ = {
			isa = XCSwiftPackageProductDependency;
			package = D999656D2CAE9F9500713F51 /* XCRemoteSwiftPackageReference "supabase-swift" */;
			productName = PostgREST;
		};
		D9A2F32C2CB3D18F00757AA4 /* Realtime */ = {
			isa = XCSwiftPackageProductDependency;
			package = D999656D2CAE9F9500713F51 /* XCRemoteSwiftPackageReference "supabase-swift" */;
			productName = Realtime;
		};
		D9A2F32E2CB3D18F00757AA4 /* Storage */ = {
			isa = XCSwiftPackageProductDependency;
			package = D999656D2CAE9F9500713F51 /* XCRemoteSwiftPackageReference "supabase-swift" */;
			productName = Storage;
		};
		D9A2F3302CB3D18F00757AA4 /* Supabase */ = {
			isa = XCSwiftPackageProductDependency;
			package = D999656D2CAE9F9500713F51 /* XCRemoteSwiftPackageReference "supabase-swift" */;
			productName = Supabase;
		};
/* End XCSwiftPackageProductDependency section */
	};
	rootObject = D086BA172C99357E005582C9 /* Project object */;
}
