// !$*UTF8*$!
{
	archiveVersion = 1;
	classes = {
	};
	objectVersion = 56;
	objects = {

/* Begin PBXBuildFile section */
		01F434BC30DB0B4E9A5E90DD /* ContentView.swift in Sources */ = {isa = PBXBuildFile; fileRef = B181323C9D23E7D0A5374E70 /* ContentView.swift */; };
		046C726F1744E99727639812 /* TopicHelper.swift in Sources */ = {isa = PBXBuildFile; fileRef = BFD7B4C52416F5BCEC67FB78 /* TopicHelper.swift */; };
		0AF9B40555484C8AB126663C /* LocalPhraseRepository.swift in Sources */ = {isa = PBXBuildFile; fileRef = 6E30EBCEF7DC111256DA6378 /* LocalPhraseRepository.swift */; };
		0B1A1FF8CA5BDF0308E42546 /* DataSynchronizer.swift in Sources */ = {isa = PBXBuildFile; fileRef = AB76C10D957FE3CF06807704 /* DataSynchronizer.swift */; };
		0BAC3B5A49E51D7989CEA5EC /* ScrabbleComponent.swift in Sources */ = {isa = PBXBuildFile; fileRef = 0D492458892E7E12EA687A19 /* ScrabbleComponent.swift */; };
		10A9CAA471A3F52433BD7B51 /* StudyPhraseView.swift in Sources */ = {isa = PBXBuildFile; fileRef = 3297DD4C5A8F9732101119F5 /* StudyPhraseView.swift */; };
		1297E1100AAB1869633D158D /* RouterManagerView.swift in Sources */ = {isa = PBXBuildFile; fileRef = B6A2FC965FDCACDD35AE55FC /* RouterManagerView.swift */; };
		16AC086B74C03A0259A21FF2 /* TopicEntity.swift in Sources */ = {isa = PBXBuildFile; fileRef = 71E073185B0878FDFC72BC79 /* TopicEntity.swift */; };
		17BD44AF0BB84B0A07C7AC56 /* PhraseCardEntity.swift in Sources */ = {isa = PBXBuildFile; fileRef = 8F00236049F84C1B8ACEB763 /* PhraseCardEntity.swift */; };
		181BFA6D3F77F18D4962CF26 /* RemoteUserRepository.swift in Sources */ = {isa = PBXBuildFile; fileRef = 4679C7CC2F016062D40099CF /* RemoteUserRepository.swift */; };
		1A1B908D89FB193D1DCFCE0A /* SignUpView.swift in Sources */ = {isa = PBXBuildFile; fileRef = 772B610537277427600D4E6D /* SignUpView.swift */; };
		2041310EB79240803A068953 /* IncorrectAnswerIndicator.swift in Sources */ = {isa = PBXBuildFile; fileRef = FC3EFCA091AEB87AAD768887 /* IncorrectAnswerIndicator.swift */; };
		21186EB721B7BC9690D346A0 /* UserModel.swift in Sources */ = {isa = PBXBuildFile; fileRef = 10F31CAC01888F3B06AF056C /* UserModel.swift */; };
		24013EE0D0BD383ED1875BE7 /* StickyNavHelper.swift in Sources */ = {isa = PBXBuildFile; fileRef = 210777A351A2AF9BBFC97C45 /* StickyNavHelper.swift */; };
		26B710AF539FE84579E8F5B9 /* TopicCardStudy.swift in Sources */ = {isa = PBXBuildFile; fileRef = 97BA1F18209AF10FE8605A95 /* TopicCardStudy.swift */; };
		2BEDAB19C81EBFA4AA2452F7 /* AddTopic.swift in Sources */ = {isa = PBXBuildFile; fileRef = BDBA5F654B46BFBCDC721632 /* AddTopic.swift */; };
		2EFC487C568DBC8201F16F34 /* AuthenticationView.swift in Sources */ = {isa = PBXBuildFile; fileRef = 7A86022AA157986E60751C18 /* AuthenticationView.swift */; };
		2F86FB464C2AEFE743583E90 /* AnswerDetectionHelper.swift in Sources */ = {isa = PBXBuildFile; fileRef = 4BE4430C8826A58AAD01194E /* AnswerDetectionHelper.swift */; };
		3026E8031AF04BD503B39F0D /* LibraryView.swift in Sources */ = {isa = PBXBuildFile; fileRef = 959F3756FD3F8432F7F23734 /* LibraryView.swift */; };
		31D18FA05A402DF312A070FC /* HelveticaNeue-Black.otf in Resources */ = {isa = PBXBuildFile; fileRef = 256A42CF6894255DFA8BC301 /* HelveticaNeue-Black.otf */; };
		32863F4711EE16E292E9769F /* Flashcard.swift in Sources */ = {isa = PBXBuildFile; fileRef = CBAA3666A484217790A584B9 /* Flashcard.swift */; };
		37FAD184C5C5FA5CED77414D /* HelveticaNeue-Medium.otf in Resources */ = {isa = PBXBuildFile; fileRef = 734F8621B9341E3E4446DBA7 /* HelveticaNeue-Medium.otf */; };
		3CB95EE6C32590FC968F9479 /* HelveticaNeue-Heavy.otf in Resources */ = {isa = PBXBuildFile; fileRef = FB25ED7F46BD7E987F9C928E /* HelveticaNeue-Heavy.otf */; };
		3D7C6E60B0589339FD36E6E6 /* PhraseHelper.swift in Sources */ = {isa = PBXBuildFile; fileRef = 2DA98274D941EB1424F33264 /* PhraseHelper.swift */; };
		3EB30472D35FAA3746080F66 /* AuthService.swift in Sources */ = {isa = PBXBuildFile; fileRef = 18A79D84E40E143B678CC43C /* AuthService.swift */; };
		41E413230F64E85FE2638516 /* ReviewedPhraseUseCase.swift in Sources */ = {isa = PBXBuildFile; fileRef = AC10F3B9D0918C3C81B03D08 /* ReviewedPhraseUseCase.swift */; };
		444DAA944FDD6211D66398E3 /* LevelModel.swift in Sources */ = {isa = PBXBuildFile; fileRef = 89E8B0E0416537B458DA0A65 /* LevelModel.swift */; };
		4837B94B10B520C55065F5B0 /* Color.swift in Sources */ = {isa = PBXBuildFile; fileRef = 1E2E8CB8371E976882953722 /* Color.swift */; };
		489F44B00C88F94FCABDABEE /* RemotePhraseRepository.swift in Sources */ = {isa = PBXBuildFile; fileRef = F399C2F18ADF8652B1303894 /* RemotePhraseRepository.swift */; };
		4C805E7E7362A5F796185793 /* UserUseCase.swift in Sources */ = {isa = PBXBuildFile; fileRef = 7615BA17BC0F6FBD597E34E2 /* UserUseCase.swift */; };
		4DB72466D4E74A33CBB4DCBD /* AlertType.swift in Sources */ = {isa = PBXBuildFile; fileRef = 8B3A522B45F7A99D18E1A6C3 /* AlertType.swift */; };
		4F4DC56F317287B634D2EC50 /* HomeFeatureContainer.swift in Sources */ = {isa = PBXBuildFile; fileRef = E1CDC1BF10A8E087C3AD734B /* HomeFeatureContainer.swift */; };
		5010523C3C2255BA11E994AB /* OnboardingViewModel.swift in Sources */ = {isa = PBXBuildFile; fileRef = CEF9829977E9206EBA1844A7 /* OnboardingViewModel.swift */; };
		555C0B58E9D56BB87E7C9A61 /* LocalUserRepository.swift in Sources */ = {isa = PBXBuildFile; fileRef = 39870F8F2C2B43FB2168F2D8 /* LocalUserRepository.swift */; };
		55B884208E94698B48621700 /* NetworkError.swift in Sources */ = {isa = PBXBuildFile; fileRef = 62118A3734D3A07F4DE4B36D /* NetworkError.swift */; };
		567376CCD96D400B864A814F /* OldSignInView.swift in Sources */ = {isa = PBXBuildFile; fileRef = 35BD983173C85958BEDA992B /* OldSignInView.swift */; };
		57DFBAF831A4E52DE11D25EE /* CorrectAnswerIndicator.swift in Sources */ = {isa = PBXBuildFile; fileRef = 282821AC5246D0989311941B /* CorrectAnswerIndicator.swift */; };
		58D91D857A1A2D152343A5E7 /* Alert.swift in Sources */ = {isa = PBXBuildFile; fileRef = 6DFC5C1AD32B469D53491985 /* Alert.swift */; };
		593040550B6098B448277E3F /* LocalReviewedPhraseRepository.swift in Sources */ = {isa = PBXBuildFile; fileRef = 8911D239C4286535FA597B75 /* LocalReviewedPhraseRepository.swift */; };
		5AC72B2F972A63949E2D7F90 /* LibraryPhraseCardViewModel.swift in Sources */ = {isa = PBXBuildFile; fileRef = B61A06503A4E2F4AE0286C33 /* LibraryPhraseCardViewModel.swift */; };
		5F760C06185F15A37B879D6E /* CarouselAnimation.swift in Sources */ = {isa = PBXBuildFile; fileRef = 36B6D6407BA1E1F6C5F22C7C /* CarouselAnimation.swift */; };
		5FFDE09F4512306B35EA09BD /* Preview Assets.xcassets in Resources */ = {isa = PBXBuildFile; fileRef = F2FBD010728ABBE07E179502 /* Preview Assets.xcassets */; };
		645AB2D3CE5752C7C3E15DA4 /* LibraryPhraseCardView.swift in Sources */ = {isa = PBXBuildFile; fileRef = 044F70ABBEC2F8F15E182D76 /* LibraryPhraseCardView.swift */; };
		64B6C0D0EF55587EAC274754 /* RemoteTopicRepository.swift in Sources */ = {isa = PBXBuildFile; fileRef = 9E1D651EB3EF177A74DE64C6 /* RemoteTopicRepository.swift */; };
		64E0E2F44A62A33666CC69A3 /* LevelViewModel.swift in Sources */ = {isa = PBXBuildFile; fileRef = 04060CE3D8C301539154EBFF /* LevelViewModel.swift */; };
		672DA943F7DE98A24262FA00 /* LevelPage.swift in Sources */ = {isa = PBXBuildFile; fileRef = 85B3F0B8F59DC98B3B44F4B5 /* LevelPage.swift */; };
		6AE07FCBC74A075CD9941E3D /* ReviewBox.swift in Sources */ = {isa = PBXBuildFile; fileRef = FBB9A855F984DC23FB0F6FCE /* ReviewBox.swift */; };
		718640AB87C401CD15C37DAD /* LibraryViewModel.swift in Sources */ = {isa = PBXBuildFile; fileRef = D1403727DD9C4F2CABB744CD /* LibraryViewModel.swift */; };
		7F47789E083645993A3F9C65 /* WelcomeView.swift in Sources */ = {isa = PBXBuildFile; fileRef = 728B723DE1BE732DA17269DB /* WelcomeView.swift */; };
		7FFE7A394828120C2DD8FDBC /* HomeView.swift in Sources */ = {isa = PBXBuildFile; fileRef = 93AA98AE2B1AB1FF795B2E31 /* HomeView.swift */; };
		80F205A40138A93CCD5AD7EA /* RecapPhrasesView.swift in Sources */ = {isa = PBXBuildFile; fileRef = C105A3188C50DA44D3E51FD4 /* RecapPhrasesView.swift */; };
		841471C23281E65E1EF7E9EF /* DateHelper.swift in Sources */ = {isa = PBXBuildFile; fileRef = FEC243AEDDB1E5279A4CB818 /* DateHelper.swift */; };
		84C1AD9E37E5A8073EA1DFF0 /* FeatureCard.swift in Sources */ = {isa = PBXBuildFile; fileRef = 786E2F7282ED4ED3F19B5645 /* FeatureCard.swift */; };
		88B432EBF4014341E6E90967 /* SignInView.swift in Sources */ = {isa = PBXBuildFile; fileRef = A671654285F7974673792318 /* SignInView.swift */; };
		892363962BF3F57DADF1B15E /* SwipeableAnimation.swift in Sources */ = {isa = PBXBuildFile; fileRef = 8AE795E2664832B25829C387 /* SwipeableAnimation.swift */; };
		8A0C518C00972E9355D9844F /* TopicUseCase.swift in Sources */ = {isa = PBXBuildFile; fileRef = 327B2F5F1BD012A0B353A8FA /* TopicUseCase.swift */; };
		9044A137F7AD501C638920A3 /* ReviewedPhraseRepository.swift in Sources */ = {isa = PBXBuildFile; fileRef = D30292BAFE0975C247AB49D7 /* ReviewedPhraseRepository.swift */; };
		9665C13176BB61CDCA48D847 /* Helvetica.ttf in Resources */ = {isa = PBXBuildFile; fileRef = 775CDA8DCC69341B6D5B114C /* Helvetica.ttf */; };
		9E59022270EAE030FD870571 /* ReviewedPhraseEntity.swift in Sources */ = {isa = PBXBuildFile; fileRef = 6DC25E99BA4AE180AB5E7317 /* ReviewedPhraseEntity.swift */; };
		A201540F2BF665E90817FCE6 /* PhraseCardRepository.swift in Sources */ = {isa = PBXBuildFile; fileRef = 23F96673279BC340676A77FD /* PhraseCardRepository.swift */; };
		A2BAB922556CC67FDA7220E1 /* RepositoryTaskHelper.swift in Sources */ = {isa = PBXBuildFile; fileRef = 78B2B93E759EEE9A4400A8A3 /* RepositoryTaskHelper.swift */; };
		A3CDE09C85B6434D4C703F7F /* BaseResponse.swift in Sources */ = {isa = PBXBuildFile; fileRef = 33CEDAA12EC85CC797797B25 /* BaseResponse.swift */; };
		A7B3A17BB1CA24A8EC4A4FE9 /* PhraseCardPreview.swift in Sources */ = {isa = PBXBuildFile; fileRef = 0CEFBBCF5639303C4AF79288 /* PhraseCardPreview.swift */; };
		A8A4BC8E4E2C1D4A4E8188B3 /* Assets.xcassets in Resources */ = {isa = PBXBuildFile; fileRef = ACD251D0F2C5DFEA89266804 /* Assets.xcassets */; };
		A914D2F5CB78985AFE5A2382 /* FeatureCardModel.swift in Sources */ = {isa = PBXBuildFile; fileRef = E229558CD81FC847A8F22A35 /* FeatureCardModel.swift */; };
		A955535E8FDB4DB7A1B740F0 /* PhraseCardUseCase.swift in Sources */ = {isa = PBXBuildFile; fileRef = D449E79D01F5820C8CF89BEB /* PhraseCardUseCase.swift */; };
		B0ECEB7AF2355D579BE10F85 /* HelveticaNeue-Light.otf in Resources */ = {isa = PBXBuildFile; fileRef = 8ADB182E29DD0FC7FAC105C3 /* HelveticaNeue-Light.otf */; };
		B20868A339E23A59749A7337 /* LevelSelectionPage.swift in Sources */ = {isa = PBXBuildFile; fileRef = D286BD7D73A4D0479EA9EA2D /* LevelSelectionPage.swift */; };
		B24B571A7B626AA31788F894 /* Font.swift in Sources */ = {isa = PBXBuildFile; fileRef = 7543F3EB885CA688869D5E7D /* Font.swift */; };
		B2D71EDF4C9F4EBD8242BD48 /* TopicCardReview.swift in Sources */ = {isa = PBXBuildFile; fileRef = FFCA143EBD7CE132ED12362E /* TopicCardReview.swift */; };
		BD3CA6A2E2CAD10E4A2B2C38 /* UserRepository.swift in Sources */ = {isa = PBXBuildFile; fileRef = BB8C0C40052CD673E58404C1 /* UserRepository.swift */; };
		BFA2F86DAB9AFAD220C68DF3 /* RecapViewModel.swift in Sources */ = {isa = PBXBuildFile; fileRef = F3E0977DF2871DE356024B22 /* RecapViewModel.swift */; };
		C110EEED3174D6AE02C9A5B2 /* UserEntity.swift in Sources */ = {isa = PBXBuildFile; fileRef = 74B238CE9A362B84C0B5FFBD /* UserEntity.swift */; };
		C2F97AD9E4182A4A0E599979 /* SwiftDataContextManager.swift in Sources */ = {isa = PBXBuildFile; fileRef = D693ED7984B7FD05ED3D80C0 /* SwiftDataContextManager.swift */; };
		C6F7949F5704DAB7882856C4 /* PhraseCardModel.swift in Sources */ = {isa = PBXBuildFile; fileRef = BFCB7A0E72854DA05001863D /* PhraseCardModel.swift */; };
		CC8F7690E71A272F5848EC5A /* UserAnswerDTO.swift in Sources */ = {isa = PBXBuildFile; fileRef = BDC3F09A84D70C96781534C1 /* UserAnswerDTO.swift */; };
		CE2A1691CE470D106488535D /* LocalTopicRepository.swift in Sources */ = {isa = PBXBuildFile; fileRef = 52143D167B3494EBB15CCDE8 /* LocalTopicRepository.swift */; };
		CE519A80B2AF908A087C8BD3 /* MacroProjectApp.swift in Sources */ = {isa = PBXBuildFile; fileRef = 3911D50D18C959FF157F6420 /* MacroProjectApp.swift */; };
		D3575FD7BAF019EB20534BB9 /* TopicDTO.swift in Sources */ = {isa = PBXBuildFile; fileRef = 8E1DA526B0922F19E6E0DE58 /* TopicDTO.swift */; };
		D363213C68742F2BC71F8AB8 /* HelveticaNeue-Bold.otf in Resources */ = {isa = PBXBuildFile; fileRef = 343FA8B6AF68019777DABB5C /* HelveticaNeue-Bold.otf */; };
		D9B995651C997387C96F9942 /* RouterNavigation.swift in Sources */ = {isa = PBXBuildFile; fileRef = 00815AE4DC6FA70CC5BD4D28 /* RouterNavigation.swift */; };
		D9C97D872CDCFEC700EA5479 /* Auth in Frameworks */ = {isa = PBXBuildFile; productRef = D9C97D862CDCFEC700EA5479 /* Auth */; };
		D9C97D892CDCFEC700EA5479 /* Functions in Frameworks */ = {isa = PBXBuildFile; productRef = D9C97D882CDCFEC700EA5479 /* Functions */; };
		D9C97D8B2CDCFEC700EA5479 /* PostgREST in Frameworks */ = {isa = PBXBuildFile; productRef = D9C97D8A2CDCFEC700EA5479 /* PostgREST */; };
		D9C97D8D2CDCFEC700EA5479 /* Realtime in Frameworks */ = {isa = PBXBuildFile; productRef = D9C97D8C2CDCFEC700EA5479 /* Realtime */; };
		D9C97D8F2CDCFEC800EA5479 /* Storage in Frameworks */ = {isa = PBXBuildFile; productRef = D9C97D8E2CDCFEC800EA5479 /* Storage */; };
		D9C97D912CDCFF5D00EA5479 /* RecapView.swift in Sources */ = {isa = PBXBuildFile; fileRef = D9C97D902CDCFF5D00EA5479 /* RecapView.swift */; };
		DA5D5EFF60CF02B5CA5955A9 /* HomeHeaderContainer.swift in Sources */ = {isa = PBXBuildFile; fileRef = 16AD3193C2AB0CCE597990AD /* HomeHeaderContainer.swift */; };
		DC3856A000A2BB91DC9CBF5C /* TopicModel.swift in Sources */ = {isa = PBXBuildFile; fileRef = 8EA350F878878799B6D1390A /* TopicModel.swift */; };
		E0CE2BC7C10740FCC410118E /* TopicRepository.swift in Sources */ = {isa = PBXBuildFile; fileRef = 2D2D5F79B3085FE12E9A1ECF /* TopicRepository.swift */; };
		E1214C30DD4CD24F95866724 /* HomeViewModel.swift in Sources */ = {isa = PBXBuildFile; fileRef = 5FD9A5D31D4F2BE1872C4CE7 /* HomeViewModel.swift */; };
		E1F30BD8C6D6968D0F07716C /* SupabaseService.swift in Sources */ = {isa = PBXBuildFile; fileRef = FA82366FA0F15250FF5554B8 /* SupabaseService.swift */; };
		E2D0931A5B6965AC50A67AB4 /* StartStudyAlert.swift in Sources */ = {isa = PBXBuildFile; fileRef = 604828799D7A6A945D85AEEC /* StartStudyAlert.swift */; };
		E52C096BC78F34D73DA5A3E4 /* StudyPhraseViewModel.swift in Sources */ = {isa = PBXBuildFile; fileRef = C799355022FAD73E41C2C38C /* StudyPhraseViewModel.swift */; };
		E715642AEB97400C49832117 /* SyncManager.swift in Sources */ = {isa = PBXBuildFile; fileRef = F71F9AD7C9441D81E62312A8 /* SyncManager.swift */; };
		E8E4FDAEBE7A1DBACF436396 /* ReviewedPhraseModel.swift in Sources */ = {isa = PBXBuildFile; fileRef = 62BE83802E412474C98D9F1B /* ReviewedPhraseModel.swift */; };
		EFDFBD1AAB6AC3196C3833E8 /* FlashcardLibrary.swift in Sources */ = {isa = PBXBuildFile; fileRef = 1A60C2DFE5A2F824F433F4F2 /* FlashcardLibrary.swift */; };
		F4B3E5E0361FB64ECAE9521B /* LevelSelectionViewModel.swift in Sources */ = {isa = PBXBuildFile; fileRef = F07C518172A70C1E23506EB0 /* LevelSelectionViewModel.swift */; };
		F66A7BF6C56B7A0A27F6AF0D /* SynchronizationHelper.swift in Sources */ = {isa = PBXBuildFile; fileRef = 47EE9656C3DD8C2B188E28E9 /* SynchronizationHelper.swift */; };
		FCDD10301EA2E0CB51863C76 /* Supabase in Frameworks */ = {isa = PBXBuildFile; productRef = 4FAF8E25BA908B4C2E729874 /* Supabase */; };
		FDAD0AB8CDE082D1F371A834 /* AuthView.swift in Sources */ = {isa = PBXBuildFile; fileRef = EB60FECABC56430064A9E8AD /* AuthView.swift */; };
/* End PBXBuildFile section */

/* Begin PBXFileReference section */
		00815AE4DC6FA70CC5BD4D28 /* RouterNavigation.swift */ = {isa = PBXFileReference; lastKnownFileType = sourcecode.swift; path = RouterNavigation.swift; sourceTree = "<group>"; };
		04060CE3D8C301539154EBFF /* LevelViewModel.swift */ = {isa = PBXFileReference; lastKnownFileType = sourcecode.swift; path = LevelViewModel.swift; sourceTree = "<group>"; };
		044F70ABBEC2F8F15E182D76 /* LibraryPhraseCardView.swift */ = {isa = PBXFileReference; lastKnownFileType = sourcecode.swift; path = LibraryPhraseCardView.swift; sourceTree = "<group>"; };
		0CEFBBCF5639303C4AF79288 /* PhraseCardPreview.swift */ = {isa = PBXFileReference; lastKnownFileType = sourcecode.swift; path = PhraseCardPreview.swift; sourceTree = "<group>"; };
		0D492458892E7E12EA687A19 /* ScrabbleComponent.swift */ = {isa = PBXFileReference; lastKnownFileType = sourcecode.swift; path = ScrabbleComponent.swift; sourceTree = "<group>"; };
		10F31CAC01888F3B06AF056C /* UserModel.swift */ = {isa = PBXFileReference; lastKnownFileType = sourcecode.swift; path = UserModel.swift; sourceTree = "<group>"; };
		16AD3193C2AB0CCE597990AD /* HomeHeaderContainer.swift */ = {isa = PBXFileReference; lastKnownFileType = sourcecode.swift; path = HomeHeaderContainer.swift; sourceTree = "<group>"; };
		18A79D84E40E143B678CC43C /* AuthService.swift */ = {isa = PBXFileReference; lastKnownFileType = sourcecode.swift; path = AuthService.swift; sourceTree = "<group>"; };
		1A60C2DFE5A2F824F433F4F2 /* FlashcardLibrary.swift */ = {isa = PBXFileReference; lastKnownFileType = sourcecode.swift; path = FlashcardLibrary.swift; sourceTree = "<group>"; };
		1E2E8CB8371E976882953722 /* Color.swift */ = {isa = PBXFileReference; lastKnownFileType = sourcecode.swift; path = Color.swift; sourceTree = "<group>"; };
		210777A351A2AF9BBFC97C45 /* StickyNavHelper.swift */ = {isa = PBXFileReference; lastKnownFileType = sourcecode.swift; path = StickyNavHelper.swift; sourceTree = "<group>"; };
		23F96673279BC340676A77FD /* PhraseCardRepository.swift */ = {isa = PBXFileReference; lastKnownFileType = sourcecode.swift; path = PhraseCardRepository.swift; sourceTree = "<group>"; };
		256A42CF6894255DFA8BC301 /* HelveticaNeue-Black.otf */ = {isa = PBXFileReference; lastKnownFileType = file; path = "HelveticaNeue-Black.otf"; sourceTree = "<group>"; };
		282821AC5246D0989311941B /* CorrectAnswerIndicator.swift */ = {isa = PBXFileReference; lastKnownFileType = sourcecode.swift; path = CorrectAnswerIndicator.swift; sourceTree = "<group>"; };
		2D2D5F79B3085FE12E9A1ECF /* TopicRepository.swift */ = {isa = PBXFileReference; lastKnownFileType = sourcecode.swift; path = TopicRepository.swift; sourceTree = "<group>"; };
		2DA98274D941EB1424F33264 /* PhraseHelper.swift */ = {isa = PBXFileReference; lastKnownFileType = sourcecode.swift; path = PhraseHelper.swift; sourceTree = "<group>"; };
		327B2F5F1BD012A0B353A8FA /* TopicUseCase.swift */ = {isa = PBXFileReference; lastKnownFileType = sourcecode.swift; path = TopicUseCase.swift; sourceTree = "<group>"; };
		3297DD4C5A8F9732101119F5 /* StudyPhraseView.swift */ = {isa = PBXFileReference; lastKnownFileType = sourcecode.swift; path = StudyPhraseView.swift; sourceTree = "<group>"; };
		33CEDAA12EC85CC797797B25 /* BaseResponse.swift */ = {isa = PBXFileReference; lastKnownFileType = sourcecode.swift; path = BaseResponse.swift; sourceTree = "<group>"; };
		343FA8B6AF68019777DABB5C /* HelveticaNeue-Bold.otf */ = {isa = PBXFileReference; lastKnownFileType = file; path = "HelveticaNeue-Bold.otf"; sourceTree = "<group>"; };
		35BD983173C85958BEDA992B /* OldSignInView.swift */ = {isa = PBXFileReference; lastKnownFileType = sourcecode.swift; path = OldSignInView.swift; sourceTree = "<group>"; };
		36B6D6407BA1E1F6C5F22C7C /* CarouselAnimation.swift */ = {isa = PBXFileReference; lastKnownFileType = sourcecode.swift; path = CarouselAnimation.swift; sourceTree = "<group>"; };
		3911D50D18C959FF157F6420 /* MacroProjectApp.swift */ = {isa = PBXFileReference; lastKnownFileType = sourcecode.swift; path = MacroProjectApp.swift; sourceTree = "<group>"; };
		39870F8F2C2B43FB2168F2D8 /* LocalUserRepository.swift */ = {isa = PBXFileReference; lastKnownFileType = sourcecode.swift; path = LocalUserRepository.swift; sourceTree = "<group>"; };
		4679C7CC2F016062D40099CF /* RemoteUserRepository.swift */ = {isa = PBXFileReference; lastKnownFileType = sourcecode.swift; path = RemoteUserRepository.swift; sourceTree = "<group>"; };
		47EE9656C3DD8C2B188E28E9 /* SynchronizationHelper.swift */ = {isa = PBXFileReference; lastKnownFileType = sourcecode.swift; path = SynchronizationHelper.swift; sourceTree = "<group>"; };
		4BE4430C8826A58AAD01194E /* AnswerDetectionHelper.swift */ = {isa = PBXFileReference; lastKnownFileType = sourcecode.swift; path = AnswerDetectionHelper.swift; sourceTree = "<group>"; };
		52143D167B3494EBB15CCDE8 /* LocalTopicRepository.swift */ = {isa = PBXFileReference; lastKnownFileType = sourcecode.swift; path = LocalTopicRepository.swift; sourceTree = "<group>"; };
		5FD9A5D31D4F2BE1872C4CE7 /* HomeViewModel.swift */ = {isa = PBXFileReference; lastKnownFileType = sourcecode.swift; path = HomeViewModel.swift; sourceTree = "<group>"; };
		604828799D7A6A945D85AEEC /* StartStudyAlert.swift */ = {isa = PBXFileReference; lastKnownFileType = sourcecode.swift; path = StartStudyAlert.swift; sourceTree = "<group>"; };
		62118A3734D3A07F4DE4B36D /* NetworkError.swift */ = {isa = PBXFileReference; lastKnownFileType = sourcecode.swift; path = NetworkError.swift; sourceTree = "<group>"; };
		62BE83802E412474C98D9F1B /* ReviewedPhraseModel.swift */ = {isa = PBXFileReference; lastKnownFileType = sourcecode.swift; path = ReviewedPhraseModel.swift; sourceTree = "<group>"; };
		6DC25E99BA4AE180AB5E7317 /* ReviewedPhraseEntity.swift */ = {isa = PBXFileReference; lastKnownFileType = sourcecode.swift; path = ReviewedPhraseEntity.swift; sourceTree = "<group>"; };
		6DFC5C1AD32B469D53491985 /* Alert.swift */ = {isa = PBXFileReference; lastKnownFileType = sourcecode.swift; path = Alert.swift; sourceTree = "<group>"; };
		6E30EBCEF7DC111256DA6378 /* LocalPhraseRepository.swift */ = {isa = PBXFileReference; lastKnownFileType = sourcecode.swift; path = LocalPhraseRepository.swift; sourceTree = "<group>"; };
		71E073185B0878FDFC72BC79 /* TopicEntity.swift */ = {isa = PBXFileReference; lastKnownFileType = sourcecode.swift; path = TopicEntity.swift; sourceTree = "<group>"; };
		728B723DE1BE732DA17269DB /* WelcomeView.swift */ = {isa = PBXFileReference; lastKnownFileType = sourcecode.swift; path = WelcomeView.swift; sourceTree = "<group>"; };
		734F8621B9341E3E4446DBA7 /* HelveticaNeue-Medium.otf */ = {isa = PBXFileReference; lastKnownFileType = file; path = "HelveticaNeue-Medium.otf"; sourceTree = "<group>"; };
		74B238CE9A362B84C0B5FFBD /* UserEntity.swift */ = {isa = PBXFileReference; lastKnownFileType = sourcecode.swift; path = UserEntity.swift; sourceTree = "<group>"; };
		7543F3EB885CA688869D5E7D /* Font.swift */ = {isa = PBXFileReference; lastKnownFileType = sourcecode.swift; path = Font.swift; sourceTree = "<group>"; };
		7615BA17BC0F6FBD597E34E2 /* UserUseCase.swift */ = {isa = PBXFileReference; lastKnownFileType = sourcecode.swift; path = UserUseCase.swift; sourceTree = "<group>"; };
		772B610537277427600D4E6D /* SignUpView.swift */ = {isa = PBXFileReference; lastKnownFileType = sourcecode.swift; path = SignUpView.swift; sourceTree = "<group>"; };
		775CDA8DCC69341B6D5B114C /* Helvetica.ttf */ = {isa = PBXFileReference; lastKnownFileType = file; path = Helvetica.ttf; sourceTree = "<group>"; };
		786E2F7282ED4ED3F19B5645 /* FeatureCard.swift */ = {isa = PBXFileReference; lastKnownFileType = sourcecode.swift; path = FeatureCard.swift; sourceTree = "<group>"; };
		78B2B93E759EEE9A4400A8A3 /* RepositoryTaskHelper.swift */ = {isa = PBXFileReference; lastKnownFileType = sourcecode.swift; path = RepositoryTaskHelper.swift; sourceTree = "<group>"; };
		7A86022AA157986E60751C18 /* AuthenticationView.swift */ = {isa = PBXFileReference; lastKnownFileType = sourcecode.swift; path = AuthenticationView.swift; sourceTree = "<group>"; };
		85B3F0B8F59DC98B3B44F4B5 /* LevelPage.swift */ = {isa = PBXFileReference; lastKnownFileType = sourcecode.swift; path = LevelPage.swift; sourceTree = "<group>"; };
		8911D239C4286535FA597B75 /* LocalReviewedPhraseRepository.swift */ = {isa = PBXFileReference; lastKnownFileType = sourcecode.swift; path = LocalReviewedPhraseRepository.swift; sourceTree = "<group>"; };
		89E8B0E0416537B458DA0A65 /* LevelModel.swift */ = {isa = PBXFileReference; lastKnownFileType = sourcecode.swift; path = LevelModel.swift; sourceTree = "<group>"; };
		8ADB182E29DD0FC7FAC105C3 /* HelveticaNeue-Light.otf */ = {isa = PBXFileReference; lastKnownFileType = file; path = "HelveticaNeue-Light.otf"; sourceTree = "<group>"; };
		8AE795E2664832B25829C387 /* SwipeableAnimation.swift */ = {isa = PBXFileReference; lastKnownFileType = sourcecode.swift; path = SwipeableAnimation.swift; sourceTree = "<group>"; };
		8B3A522B45F7A99D18E1A6C3 /* AlertType.swift */ = {isa = PBXFileReference; lastKnownFileType = sourcecode.swift; path = AlertType.swift; sourceTree = "<group>"; };
		8E1DA526B0922F19E6E0DE58 /* TopicDTO.swift */ = {isa = PBXFileReference; lastKnownFileType = sourcecode.swift; path = TopicDTO.swift; sourceTree = "<group>"; };
		8EA350F878878799B6D1390A /* TopicModel.swift */ = {isa = PBXFileReference; lastKnownFileType = sourcecode.swift; path = TopicModel.swift; sourceTree = "<group>"; };
		8F00236049F84C1B8ACEB763 /* PhraseCardEntity.swift */ = {isa = PBXFileReference; lastKnownFileType = sourcecode.swift; path = PhraseCardEntity.swift; sourceTree = "<group>"; };
		93AA98AE2B1AB1FF795B2E31 /* HomeView.swift */ = {isa = PBXFileReference; lastKnownFileType = sourcecode.swift; path = HomeView.swift; sourceTree = "<group>"; };
		959F3756FD3F8432F7F23734 /* LibraryView.swift */ = {isa = PBXFileReference; lastKnownFileType = sourcecode.swift; path = LibraryView.swift; sourceTree = "<group>"; };
		97BA1F18209AF10FE8605A95 /* TopicCardStudy.swift */ = {isa = PBXFileReference; lastKnownFileType = sourcecode.swift; path = TopicCardStudy.swift; sourceTree = "<group>"; };
		9E1D651EB3EF177A74DE64C6 /* RemoteTopicRepository.swift */ = {isa = PBXFileReference; lastKnownFileType = sourcecode.swift; path = RemoteTopicRepository.swift; sourceTree = "<group>"; };
		A671654285F7974673792318 /* SignInView.swift */ = {isa = PBXFileReference; lastKnownFileType = sourcecode.swift; path = SignInView.swift; sourceTree = "<group>"; };
		AB76C10D957FE3CF06807704 /* DataSynchronizer.swift */ = {isa = PBXFileReference; lastKnownFileType = sourcecode.swift; path = DataSynchronizer.swift; sourceTree = "<group>"; };
		AC10F3B9D0918C3C81B03D08 /* ReviewedPhraseUseCase.swift */ = {isa = PBXFileReference; lastKnownFileType = sourcecode.swift; path = ReviewedPhraseUseCase.swift; sourceTree = "<group>"; };
		ACD251D0F2C5DFEA89266804 /* Assets.xcassets */ = {isa = PBXFileReference; lastKnownFileType = folder.assetcatalog; path = Assets.xcassets; sourceTree = "<group>"; };
		B181323C9D23E7D0A5374E70 /* ContentView.swift */ = {isa = PBXFileReference; lastKnownFileType = sourcecode.swift; path = ContentView.swift; sourceTree = "<group>"; };
		B61A06503A4E2F4AE0286C33 /* LibraryPhraseCardViewModel.swift */ = {isa = PBXFileReference; lastKnownFileType = sourcecode.swift; path = LibraryPhraseCardViewModel.swift; sourceTree = "<group>"; };
		B6A2FC965FDCACDD35AE55FC /* RouterManagerView.swift */ = {isa = PBXFileReference; lastKnownFileType = sourcecode.swift; path = RouterManagerView.swift; sourceTree = "<group>"; };
		BB8C0C40052CD673E58404C1 /* UserRepository.swift */ = {isa = PBXFileReference; lastKnownFileType = sourcecode.swift; path = UserRepository.swift; sourceTree = "<group>"; };
		BDBA5F654B46BFBCDC721632 /* AddTopic.swift */ = {isa = PBXFileReference; lastKnownFileType = sourcecode.swift; path = AddTopic.swift; sourceTree = "<group>"; };
		BDC3F09A84D70C96781534C1 /* UserAnswerDTO.swift */ = {isa = PBXFileReference; lastKnownFileType = sourcecode.swift; path = UserAnswerDTO.swift; sourceTree = "<group>"; };
		BFCB7A0E72854DA05001863D /* PhraseCardModel.swift */ = {isa = PBXFileReference; lastKnownFileType = sourcecode.swift; path = PhraseCardModel.swift; sourceTree = "<group>"; };
		BFD7B4C52416F5BCEC67FB78 /* TopicHelper.swift */ = {isa = PBXFileReference; lastKnownFileType = sourcecode.swift; path = TopicHelper.swift; sourceTree = "<group>"; };
		C105A3188C50DA44D3E51FD4 /* RecapPhrasesView.swift */ = {isa = PBXFileReference; lastKnownFileType = sourcecode.swift; path = RecapPhrasesView.swift; sourceTree = "<group>"; };
		C799355022FAD73E41C2C38C /* StudyPhraseViewModel.swift */ = {isa = PBXFileReference; lastKnownFileType = sourcecode.swift; path = StudyPhraseViewModel.swift; sourceTree = "<group>"; };
		CBAA3666A484217790A584B9 /* Flashcard.swift */ = {isa = PBXFileReference; lastKnownFileType = sourcecode.swift; path = Flashcard.swift; sourceTree = "<group>"; };
		CBDC70576D87C053FEC2BA61 /* MacroProject.app */ = {isa = PBXFileReference; explicitFileType = wrapper.application; includeInIndex = 0; path = MacroProject.app; sourceTree = BUILT_PRODUCTS_DIR; };
		CEF9829977E9206EBA1844A7 /* OnboardingViewModel.swift */ = {isa = PBXFileReference; lastKnownFileType = sourcecode.swift; path = OnboardingViewModel.swift; sourceTree = "<group>"; };
		D1403727DD9C4F2CABB744CD /* LibraryViewModel.swift */ = {isa = PBXFileReference; lastKnownFileType = sourcecode.swift; path = LibraryViewModel.swift; sourceTree = "<group>"; };
		D286BD7D73A4D0479EA9EA2D /* LevelSelectionPage.swift */ = {isa = PBXFileReference; lastKnownFileType = sourcecode.swift; path = LevelSelectionPage.swift; sourceTree = "<group>"; };
		D30292BAFE0975C247AB49D7 /* ReviewedPhraseRepository.swift */ = {isa = PBXFileReference; lastKnownFileType = sourcecode.swift; path = ReviewedPhraseRepository.swift; sourceTree = "<group>"; };
		D449E79D01F5820C8CF89BEB /* PhraseCardUseCase.swift */ = {isa = PBXFileReference; lastKnownFileType = sourcecode.swift; path = PhraseCardUseCase.swift; sourceTree = "<group>"; };
		D693ED7984B7FD05ED3D80C0 /* SwiftDataContextManager.swift */ = {isa = PBXFileReference; lastKnownFileType = sourcecode.swift; path = SwiftDataContextManager.swift; sourceTree = "<group>"; };
		D9C97D902CDCFF5D00EA5479 /* RecapView.swift */ = {isa = PBXFileReference; lastKnownFileType = sourcecode.swift; path = RecapView.swift; sourceTree = "<group>"; };
		E1CDC1BF10A8E087C3AD734B /* HomeFeatureContainer.swift */ = {isa = PBXFileReference; lastKnownFileType = sourcecode.swift; path = HomeFeatureContainer.swift; sourceTree = "<group>"; };
		E229558CD81FC847A8F22A35 /* FeatureCardModel.swift */ = {isa = PBXFileReference; lastKnownFileType = sourcecode.swift; path = FeatureCardModel.swift; sourceTree = "<group>"; };
		EB60FECABC56430064A9E8AD /* AuthView.swift */ = {isa = PBXFileReference; lastKnownFileType = sourcecode.swift; path = AuthView.swift; sourceTree = "<group>"; };
		EB89B5FA215ABEB3266BC4A4 /* Info.plist */ = {isa = PBXFileReference; lastKnownFileType = text.plist; path = Info.plist; sourceTree = "<group>"; };
		F07C518172A70C1E23506EB0 /* LevelSelectionViewModel.swift */ = {isa = PBXFileReference; lastKnownFileType = sourcecode.swift; path = LevelSelectionViewModel.swift; sourceTree = "<group>"; };
		F2FBD010728ABBE07E179502 /* Preview Assets.xcassets */ = {isa = PBXFileReference; lastKnownFileType = folder.assetcatalog; path = "Preview Assets.xcassets"; sourceTree = "<group>"; };
		F399C2F18ADF8652B1303894 /* RemotePhraseRepository.swift */ = {isa = PBXFileReference; lastKnownFileType = sourcecode.swift; path = RemotePhraseRepository.swift; sourceTree = "<group>"; };
		F3E0977DF2871DE356024B22 /* RecapViewModel.swift */ = {isa = PBXFileReference; lastKnownFileType = sourcecode.swift; path = RecapViewModel.swift; sourceTree = "<group>"; };
		F71F9AD7C9441D81E62312A8 /* SyncManager.swift */ = {isa = PBXFileReference; lastKnownFileType = sourcecode.swift; path = SyncManager.swift; sourceTree = "<group>"; };
		FA82366FA0F15250FF5554B8 /* SupabaseService.swift */ = {isa = PBXFileReference; lastKnownFileType = sourcecode.swift; path = SupabaseService.swift; sourceTree = "<group>"; };
		FB25ED7F46BD7E987F9C928E /* HelveticaNeue-Heavy.otf */ = {isa = PBXFileReference; lastKnownFileType = file; path = "HelveticaNeue-Heavy.otf"; sourceTree = "<group>"; };
		FBB9A855F984DC23FB0F6FCE /* ReviewBox.swift */ = {isa = PBXFileReference; lastKnownFileType = sourcecode.swift; path = ReviewBox.swift; sourceTree = "<group>"; };
		FC3EFCA091AEB87AAD768887 /* IncorrectAnswerIndicator.swift */ = {isa = PBXFileReference; lastKnownFileType = sourcecode.swift; path = IncorrectAnswerIndicator.swift; sourceTree = "<group>"; };
		FEC243AEDDB1E5279A4CB818 /* DateHelper.swift */ = {isa = PBXFileReference; lastKnownFileType = sourcecode.swift; path = DateHelper.swift; sourceTree = "<group>"; };
		FFCA143EBD7CE132ED12362E /* TopicCardReview.swift */ = {isa = PBXFileReference; lastKnownFileType = sourcecode.swift; path = TopicCardReview.swift; sourceTree = "<group>"; };
/* End PBXFileReference section */

/* Begin PBXFrameworksBuildPhase section */
		345E948F64A8A40C16D418F7 /* Frameworks */ = {
			isa = PBXFrameworksBuildPhase;
			buildActionMask = 2147483647;
			files = (
				D9C97D8F2CDCFEC800EA5479 /* Storage in Frameworks */,
				D9C97D8B2CDCFEC700EA5479 /* PostgREST in Frameworks */,
				D9C97D892CDCFEC700EA5479 /* Functions in Frameworks */,
				D9C97D872CDCFEC700EA5479 /* Auth in Frameworks */,
				D9C97D8D2CDCFEC700EA5479 /* Realtime in Frameworks */,
				FCDD10301EA2E0CB51863C76 /* Supabase in Frameworks */,
			);
			runOnlyForDeploymentPostprocessing = 0;
		};
/* End PBXFrameworksBuildPhase section */

/* Begin PBXGroup section */
		0155D26BC94E0F4BEA223BCB /* Preview Content */ = {
			isa = PBXGroup;
			children = (
				F2FBD010728ABBE07E179502 /* Preview Assets.xcassets */,
			);
			path = "Preview Content";
			sourceTree = "<group>";
		};
		0374D3F62E873F3FBC919E6C /* DTO */ = {
			isa = PBXGroup;
			children = (
				80B2B82920C38B67F96B73F4 /* DTO */,
				E308C073E6E75B9B74A53757 /* Entities */,
			);
			path = DTO;
			sourceTree = "<group>";
		};
		0E8CDB2637CD38585A044C29 /* Presentation */ = {
			isa = PBXGroup;
			children = (
				236D74942A54CAC1EA9D458B /* Onboarding */,
				CBFCAE4FA42F6A4A3B4CDEDE /* Home */,
				A4ED29BEAE78A7EA9D25D2D7 /* Library */,
				21295E6D25BEA5912BE4881A /* Study */,
			);
			path = Presentation;
			sourceTree = "<group>";
		};
		0E919A13AB142D3B0521F6A7 /* Recap */ = {
			isa = PBXGroup;
			children = (
				D9C97D902CDCFF5D00EA5479 /* RecapView.swift */,
				C105A3188C50DA44D3E51FD4 /* RecapPhrasesView.swift */,
				F3E0977DF2871DE356024B22 /* RecapViewModel.swift */,
				58EC8B164D31AC7AD3BE930F /* Components */,
			);
			path = Recap;
			sourceTree = "<group>";
		};
		168BB8529747FDA88716D4BE /* Components */ = {
			isa = PBXGroup;
			children = (
				786E2F7282ED4ED3F19B5645 /* FeatureCard.swift */,
			);
			path = Components;
			sourceTree = "<group>";
		};
		18423F6F339FFC673AA20356 /* User */ = {
			isa = PBXGroup;
			children = (
				39870F8F2C2B43FB2168F2D8 /* LocalUserRepository.swift */,
				4679C7CC2F016062D40099CF /* RemoteUserRepository.swift */,
				BB8C0C40052CD673E58404C1 /* UserRepository.swift */,
			);
			path = User;
			sourceTree = "<group>";
		};
		21295E6D25BEA5912BE4881A /* Study */ = {
			isa = PBXGroup;
			children = (
				A61E8A23C0C76A4F9643B45B /* Level */,
				D4B8C8EF788385D8E41326B4 /* LevelSelection */,
				A1AF6694B479F5A5A4C63516 /* StudyPhrase */,
				0E919A13AB142D3B0521F6A7 /* Recap */,
			);
			path = Study;
			sourceTree = "<group>";
		};
		236D74942A54CAC1EA9D458B /* Onboarding */ = {
			isa = PBXGroup;
			children = (
				728B723DE1BE732DA17269DB /* WelcomeView.swift */,
				DA1AFB643E16C2E2FB98572F /* Auth */,
				3D5733256BDCCEA36381A85E /* ViewModel */,
			);
			path = Onboarding;
			sourceTree = "<group>";
		};
		24A60393E7B9EAA55CF68D1B /* Networking */ = {
			isa = PBXGroup;
			children = (
				33CEDAA12EC85CC797797B25 /* BaseResponse.swift */,
				62118A3734D3A07F4DE4B36D /* NetworkError.swift */,
			);
			path = Networking;
			sourceTree = "<group>";
		};
		2AB5D531D00A4694324738A9 /* Infrastructure */ = {
			isa = PBXGroup;
			children = (
				E60334E250C791F5D86A77F3 /* Database */,
				24A60393E7B9EAA55CF68D1B /* Networking */,
				723F6248382A50CC9AC8D094 /* SwiftData */,
			);
			path = Infrastructure;
			sourceTree = "<group>";
		};
		306CD53A6E77B06611474690 /* Components */ = {
			isa = PBXGroup;
			children = (
				36B6D6407BA1E1F6C5F22C7C /* CarouselAnimation.swift */,
				282821AC5246D0989311941B /* CorrectAnswerIndicator.swift */,
				FC3EFCA091AEB87AAD768887 /* IncorrectAnswerIndicator.swift */,
				0D492458892E7E12EA687A19 /* ScrabbleComponent.swift */,
			);
			path = Components;
			sourceTree = "<group>";
		};
		328E4A582A2D348D6C999D31 /* Domain */ = {
			isa = PBXGroup;
			children = (
				5004E6D0A52686C2C7A5EE47 /* Models */,
				4CE8174063942F8B97FEFD35 /* UseCases */,
			);
			path = Domain;
			sourceTree = "<group>";
		};
		3D5733256BDCCEA36381A85E /* ViewModel */ = {
			isa = PBXGroup;
			children = (
				CEF9829977E9206EBA1844A7 /* OnboardingViewModel.swift */,
			);
			path = ViewModel;
			sourceTree = "<group>";
		};
		4CE8174063942F8B97FEFD35 /* UseCases */ = {
			isa = PBXGroup;
			children = (
				D449E79D01F5820C8CF89BEB /* PhraseCardUseCase.swift */,
				AC10F3B9D0918C3C81B03D08 /* ReviewedPhraseUseCase.swift */,
				327B2F5F1BD012A0B353A8FA /* TopicUseCase.swift */,
				7615BA17BC0F6FBD597E34E2 /* UserUseCase.swift */,
			);
			path = UseCases;
			sourceTree = "<group>";
		};
		5004E6D0A52686C2C7A5EE47 /* Models */ = {
			isa = PBXGroup;
			children = (
				E229558CD81FC847A8F22A35 /* FeatureCardModel.swift */,
				89E8B0E0416537B458DA0A65 /* LevelModel.swift */,
				BFCB7A0E72854DA05001863D /* PhraseCardModel.swift */,
				62BE83802E412474C98D9F1B /* ReviewedPhraseModel.swift */,
				8EA350F878878799B6D1390A /* TopicModel.swift */,
				10F31CAC01888F3B06AF056C /* UserModel.swift */,
			);
			path = Models;
			sourceTree = "<group>";
		};
		58EC8B164D31AC7AD3BE930F /* Components */ = {
			isa = PBXGroup;
			children = (
				0CEFBBCF5639303C4AF79288 /* PhraseCardPreview.swift */,
			);
			path = Components;
			sourceTree = "<group>";
		};
		636830CD5914F40DA8C6DF6D /* TopicsLibrary */ = {
			isa = PBXGroup;
			children = (
				959F3756FD3F8432F7F23734 /* LibraryView.swift */,
				D1403727DD9C4F2CABB744CD /* LibraryViewModel.swift */,
				DE122E3C23A2A3E590DB21A4 /* Components */,
			);
			path = TopicsLibrary;
			sourceTree = "<group>";
		};
		6516E5ECB6B1D53AAC7435EE /* Products */ = {
			isa = PBXGroup;
			children = (
				CBDC70576D87C053FEC2BA61 /* MacroProject.app */,
			);
			name = Products;
			sourceTree = "<group>";
		};
		723F6248382A50CC9AC8D094 /* SwiftData */ = {
			isa = PBXGroup;
			children = (
				D693ED7984B7FD05ED3D80C0 /* SwiftDataContextManager.swift */,
			);
			path = SwiftData;
			sourceTree = "<group>";
		};
		77709642A1F4F635CDE37EF8 /* ViewModel */ = {
			isa = PBXGroup;
			children = (
				5FD9A5D31D4F2BE1872C4CE7 /* HomeViewModel.swift */,
			);
			path = ViewModel;
			sourceTree = "<group>";
		};
		7947DAA589DF2EB88F6CA705 = {
			isa = PBXGroup;
			children = (
				B7EBBDB08CB39D3471D41070 /* MacroProject */,
				6516E5ECB6B1D53AAC7435EE /* Products */,
				D9C97D852CDCFEC700EA5479 /* Frameworks */,
			);
			sourceTree = "<group>";
		};
		80B2B82920C38B67F96B73F4 /* DTO */ = {
			isa = PBXGroup;
			children = (
				8E1DA526B0922F19E6E0DE58 /* TopicDTO.swift */,
				BDC3F09A84D70C96781534C1 /* UserAnswerDTO.swift */,
			);
			path = DTO;
			sourceTree = "<group>";
		};
		8FF1CADEF3BB153443A29AC2 /* Data */ = {
			isa = PBXGroup;
			children = (
				0374D3F62E873F3FBC919E6C /* DTO */,
				D5F005CB1CE9BB2FE30D9B10 /* Repositories */,
			);
			path = Data;
			sourceTree = "<group>";
		};
		9839ED8ABCEAAEAC2E762D28 /* Utilities */ = {
			isa = PBXGroup;
			children = (
				8B3A522B45F7A99D18E1A6C3 /* AlertType.swift */,
				1E2E8CB8371E976882953722 /* Color.swift */,
				7543F3EB885CA688869D5E7D /* Font.swift */,
				F03C0D74F5C79FB7BB098820 /* Fonts */,
			);
			path = Utilities;
			sourceTree = "<group>";
		};
		9EB7D79C461E6BAF8FD1970A /* Components */ = {
			isa = PBXGroup;
			children = (
				CBAA3666A484217790A584B9 /* Flashcard.swift */,
				1A60C2DFE5A2F824F433F4F2 /* FlashcardLibrary.swift */,
				8AE795E2664832B25829C387 /* SwipeableAnimation.swift */,
			);
			path = Components;
			sourceTree = "<group>";
		};
		A1AF6694B479F5A5A4C63516 /* StudyPhrase */ = {
			isa = PBXGroup;
			children = (
				3297DD4C5A8F9732101119F5 /* StudyPhraseView.swift */,
				C799355022FAD73E41C2C38C /* StudyPhraseViewModel.swift */,
				306CD53A6E77B06611474690 /* Components */,
			);
			path = StudyPhrase;
			sourceTree = "<group>";
		};
		A4ED29BEAE78A7EA9D25D2D7 /* Library */ = {
			isa = PBXGroup;
			children = (
				CAC4A2546608B84BEA66E074 /* PhrasesLibrary */,
				636830CD5914F40DA8C6DF6D /* TopicsLibrary */,
			);
			path = Library;
			sourceTree = "<group>";
		};
		A61E8A23C0C76A4F9643B45B /* Level */ = {
			isa = PBXGroup;
			children = (
				85B3F0B8F59DC98B3B44F4B5 /* LevelPage.swift */,
				04060CE3D8C301539154EBFF /* LevelViewModel.swift */,
				AF75831A090282BBE88AC8A4 /* Components */,
			);
			path = Level;
			sourceTree = "<group>";
		};
		AF75831A090282BBE88AC8A4 /* Components */ = {
			isa = PBXGroup;
			children = (
				FBB9A855F984DC23FB0F6FCE /* ReviewBox.swift */,
			);
			path = Components;
			sourceTree = "<group>";
		};
		B7EBBDB08CB39D3471D41070 /* MacroProject */ = {
			isa = PBXGroup;
			children = (
				ACD251D0F2C5DFEA89266804 /* Assets.xcassets */,
				B181323C9D23E7D0A5374E70 /* ContentView.swift */,
				EB89B5FA215ABEB3266BC4A4 /* Info.plist */,
				3911D50D18C959FF157F6420 /* MacroProjectApp.swift */,
				8FF1CADEF3BB153443A29AC2 /* Data */,
				328E4A582A2D348D6C999D31 /* Domain */,
				D2BD0D5CA37A9A63E2B94D95 /* Helper */,
				2AB5D531D00A4694324738A9 /* Infrastructure */,
				0E8CDB2637CD38585A044C29 /* Presentation */,
				0155D26BC94E0F4BEA223BCB /* Preview Content */,
				9839ED8ABCEAAEAC2E762D28 /* Utilities */,
			);
			path = MacroProject;
			sourceTree = "<group>";
		};
		C1AB27AB6FC014DA222CCC77 /* Router */ = {
			isa = PBXGroup;
			children = (
				B6A2FC965FDCACDD35AE55FC /* RouterManagerView.swift */,
				00815AE4DC6FA70CC5BD4D28 /* RouterNavigation.swift */,
			);
			path = Router;
			sourceTree = "<group>";
		};
		CAC4A2546608B84BEA66E074 /* PhrasesLibrary */ = {
			isa = PBXGroup;
			children = (
				044F70ABBEC2F8F15E182D76 /* LibraryPhraseCardView.swift */,
				B61A06503A4E2F4AE0286C33 /* LibraryPhraseCardViewModel.swift */,
				9EB7D79C461E6BAF8FD1970A /* Components */,
			);
			path = PhrasesLibrary;
			sourceTree = "<group>";
		};
		CBFCAE4FA42F6A4A3B4CDEDE /* Home */ = {
			isa = PBXGroup;
			children = (
				93AA98AE2B1AB1FF795B2E31 /* HomeView.swift */,
				168BB8529747FDA88716D4BE /* Components */,
				E30EB9A73D3564DBAA7015D3 /* Container */,
				77709642A1F4F635CDE37EF8 /* ViewModel */,
			);
			path = Home;
			sourceTree = "<group>";
		};
		D2BD0D5CA37A9A63E2B94D95 /* Helper */ = {
			isa = PBXGroup;
			children = (
				4BE4430C8826A58AAD01194E /* AnswerDetectionHelper.swift */,
				FEC243AEDDB1E5279A4CB818 /* DateHelper.swift */,
				2DA98274D941EB1424F33264 /* PhraseHelper.swift */,
				78B2B93E759EEE9A4400A8A3 /* RepositoryTaskHelper.swift */,
				210777A351A2AF9BBFC97C45 /* StickyNavHelper.swift */,
				47EE9656C3DD8C2B188E28E9 /* SynchronizationHelper.swift */,
				BFD7B4C52416F5BCEC67FB78 /* TopicHelper.swift */,
				C1AB27AB6FC014DA222CCC77 /* Router */,
			);
			path = Helper;
			sourceTree = "<group>";
		};
		D4B8C8EF788385D8E41326B4 /* LevelSelection */ = {
			isa = PBXGroup;
			children = (
				D286BD7D73A4D0479EA9EA2D /* LevelSelectionPage.swift */,
				F07C518172A70C1E23506EB0 /* LevelSelectionViewModel.swift */,
				F9E15CBC71A1188FC9B13E3A /* Components */,
			);
			path = LevelSelection;
			sourceTree = "<group>";
		};
		D5F005CB1CE9BB2FE30D9B10 /* Repositories */ = {
			isa = PBXGroup;
			children = (
				EE79AB4008FE917E4F1072EC /* Phrase */,
				F73C725945ADFA3B65CBA225 /* ReviewedPhrase */,
				F4701BED19509A880FC1B01A /* Topic */,
				18423F6F339FFC673AA20356 /* User */,
			);
			path = Repositories;
			sourceTree = "<group>";
		};
		D9C97D852CDCFEC700EA5479 /* Frameworks */ = {
			isa = PBXGroup;
			children = (
			);
			name = Frameworks;
			sourceTree = "<group>";
		};
		DA1AFB643E16C2E2FB98572F /* Auth */ = {
			isa = PBXGroup;
			children = (
				7A86022AA157986E60751C18 /* AuthenticationView.swift */,
				EB60FECABC56430064A9E8AD /* AuthView.swift */,
				35BD983173C85958BEDA992B /* OldSignInView.swift */,
				A671654285F7974673792318 /* SignInView.swift */,
				772B610537277427600D4E6D /* SignUpView.swift */,
			);
			path = Auth;
			sourceTree = "<group>";
		};
		DE122E3C23A2A3E590DB21A4 /* Components */ = {
			isa = PBXGroup;
			children = (
				6DFC5C1AD32B469D53491985 /* Alert.swift */,
				97BA1F18209AF10FE8605A95 /* TopicCardStudy.swift */,
			);
			path = Components;
			sourceTree = "<group>";
		};
		E308C073E6E75B9B74A53757 /* Entities */ = {
			isa = PBXGroup;
			children = (
				8F00236049F84C1B8ACEB763 /* PhraseCardEntity.swift */,
				6DC25E99BA4AE180AB5E7317 /* ReviewedPhraseEntity.swift */,
				71E073185B0878FDFC72BC79 /* TopicEntity.swift */,
				74B238CE9A362B84C0B5FFBD /* UserEntity.swift */,
			);
			path = Entities;
			sourceTree = "<group>";
		};
		E30EB9A73D3564DBAA7015D3 /* Container */ = {
			isa = PBXGroup;
			children = (
				E1CDC1BF10A8E087C3AD734B /* HomeFeatureContainer.swift */,
				16AD3193C2AB0CCE597990AD /* HomeHeaderContainer.swift */,
			);
			path = Container;
			sourceTree = "<group>";
		};
		E60334E250C791F5D86A77F3 /* Database */ = {
			isa = PBXGroup;
			children = (
				18A79D84E40E143B678CC43C /* AuthService.swift */,
				AB76C10D957FE3CF06807704 /* DataSynchronizer.swift */,
				FA82366FA0F15250FF5554B8 /* SupabaseService.swift */,
				F71F9AD7C9441D81E62312A8 /* SyncManager.swift */,
			);
			path = Database;
			sourceTree = "<group>";
		};
		EE79AB4008FE917E4F1072EC /* Phrase */ = {
			isa = PBXGroup;
			children = (
				6E30EBCEF7DC111256DA6378 /* LocalPhraseRepository.swift */,
				23F96673279BC340676A77FD /* PhraseCardRepository.swift */,
				F399C2F18ADF8652B1303894 /* RemotePhraseRepository.swift */,
			);
			path = Phrase;
			sourceTree = "<group>";
		};
		F03C0D74F5C79FB7BB098820 /* Fonts */ = {
			isa = PBXGroup;
			children = (
				775CDA8DCC69341B6D5B114C /* Helvetica.ttf */,
				256A42CF6894255DFA8BC301 /* HelveticaNeue-Black.otf */,
				343FA8B6AF68019777DABB5C /* HelveticaNeue-Bold.otf */,
				FB25ED7F46BD7E987F9C928E /* HelveticaNeue-Heavy.otf */,
				8ADB182E29DD0FC7FAC105C3 /* HelveticaNeue-Light.otf */,
				734F8621B9341E3E4446DBA7 /* HelveticaNeue-Medium.otf */,
			);
			path = Fonts;
			sourceTree = "<group>";
		};
		F4701BED19509A880FC1B01A /* Topic */ = {
			isa = PBXGroup;
			children = (
				52143D167B3494EBB15CCDE8 /* LocalTopicRepository.swift */,
				9E1D651EB3EF177A74DE64C6 /* RemoteTopicRepository.swift */,
				2D2D5F79B3085FE12E9A1ECF /* TopicRepository.swift */,
			);
			path = Topic;
			sourceTree = "<group>";
		};
		F73C725945ADFA3B65CBA225 /* ReviewedPhrase */ = {
			isa = PBXGroup;
			children = (
				8911D239C4286535FA597B75 /* LocalReviewedPhraseRepository.swift */,
				D30292BAFE0975C247AB49D7 /* ReviewedPhraseRepository.swift */,
			);
			path = ReviewedPhrase;
			sourceTree = "<group>";
		};
		F9E15CBC71A1188FC9B13E3A /* Components */ = {
			isa = PBXGroup;
			children = (
				BDBA5F654B46BFBCDC721632 /* AddTopic.swift */,
				604828799D7A6A945D85AEEC /* StartStudyAlert.swift */,
				FFCA143EBD7CE132ED12362E /* TopicCardReview.swift */,
			);
			path = Components;
			sourceTree = "<group>";
		};
/* End PBXGroup section */

/* Begin PBXNativeTarget section */
		5AE59C0A8C49D406D7B39BA2 /* MacroProject */ = {
			isa = PBXNativeTarget;
			buildConfigurationList = 4B1593224996BE6F2C172101 /* Build configuration list for PBXNativeTarget "MacroProject" */;
			buildPhases = (
				D2A91ACF6C0A7EED7B804223 /* Sources */,
				74F915E17AE3D995AEC7D39D /* Resources */,
				345E948F64A8A40C16D418F7 /* Frameworks */,
			);
			buildRules = (
			);
			dependencies = (
			);
			name = MacroProject;
			packageProductDependencies = (
				4FAF8E25BA908B4C2E729874 /* Supabase */,
				D9C97D862CDCFEC700EA5479 /* Auth */,
				D9C97D882CDCFEC700EA5479 /* Functions */,
				D9C97D8A2CDCFEC700EA5479 /* PostgREST */,
				D9C97D8C2CDCFEC700EA5479 /* Realtime */,
				D9C97D8E2CDCFEC800EA5479 /* Storage */,
			);
			productName = MacroProject;
			productReference = CBDC70576D87C053FEC2BA61 /* MacroProject.app */;
			productType = "com.apple.product-type.application";
		};
/* End PBXNativeTarget section */

/* Begin PBXProject section */
		0E9342DBB1E2DE699C963E78 /* Project object */ = {
			isa = PBXProject;
			attributes = {
				BuildIndependentTargetsInParallel = YES;
				LastUpgradeCheck = 1430;
			};
			buildConfigurationList = 3D7EB02BE4B3CDBF2C4E1FCF /* Build configuration list for PBXProject "MacroProject" */;
			compatibilityVersion = "Xcode 14.0";
			developmentRegion = en;
			hasScannedForEncodings = 0;
			knownRegions = (
				Base,
				en,
			);
			mainGroup = 7947DAA589DF2EB88F6CA705;
			packageReferences = (
				DAFA4F9DDC1538ACB929204A /* XCRemoteSwiftPackageReference "supabase-swift" */,
			);
			projectDirPath = "";
			projectRoot = "";
			targets = (
				5AE59C0A8C49D406D7B39BA2 /* MacroProject */,
			);
		};
/* End PBXProject section */

/* Begin PBXResourcesBuildPhase section */
		74F915E17AE3D995AEC7D39D /* Resources */ = {
			isa = PBXResourcesBuildPhase;
			buildActionMask = 2147483647;
			files = (
				A8A4BC8E4E2C1D4A4E8188B3 /* Assets.xcassets in Resources */,
				9665C13176BB61CDCA48D847 /* Helvetica.ttf in Resources */,
				31D18FA05A402DF312A070FC /* HelveticaNeue-Black.otf in Resources */,
				D363213C68742F2BC71F8AB8 /* HelveticaNeue-Bold.otf in Resources */,
				3CB95EE6C32590FC968F9479 /* HelveticaNeue-Heavy.otf in Resources */,
				B0ECEB7AF2355D579BE10F85 /* HelveticaNeue-Light.otf in Resources */,
				37FAD184C5C5FA5CED77414D /* HelveticaNeue-Medium.otf in Resources */,
				5FFDE09F4512306B35EA09BD /* Preview Assets.xcassets in Resources */,
			);
			runOnlyForDeploymentPostprocessing = 0;
		};
/* End PBXResourcesBuildPhase section */

/* Begin PBXSourcesBuildPhase section */
		D2A91ACF6C0A7EED7B804223 /* Sources */ = {
			isa = PBXSourcesBuildPhase;
			buildActionMask = 2147483647;
			files = (
				2BEDAB19C81EBFA4AA2452F7 /* AddTopic.swift in Sources */,
				58D91D857A1A2D152343A5E7 /* Alert.swift in Sources */,
				4DB72466D4E74A33CBB4DCBD /* AlertType.swift in Sources */,
				D9C97D912CDCFF5D00EA5479 /* RecapView.swift in Sources */,
				2F86FB464C2AEFE743583E90 /* AnswerDetectionHelper.swift in Sources */,
				3EB30472D35FAA3746080F66 /* AuthService.swift in Sources */,
				FDAD0AB8CDE082D1F371A834 /* AuthView.swift in Sources */,
				2EFC487C568DBC8201F16F34 /* AuthenticationView.swift in Sources */,
				A3CDE09C85B6434D4C703F7F /* BaseResponse.swift in Sources */,
				5F760C06185F15A37B879D6E /* CarouselAnimation.swift in Sources */,
				4837B94B10B520C55065F5B0 /* Color.swift in Sources */,
				01F434BC30DB0B4E9A5E90DD /* ContentView.swift in Sources */,
				57DFBAF831A4E52DE11D25EE /* CorrectAnswerIndicator.swift in Sources */,
				0B1A1FF8CA5BDF0308E42546 /* DataSynchronizer.swift in Sources */,
				841471C23281E65E1EF7E9EF /* DateHelper.swift in Sources */,
				84C1AD9E37E5A8073EA1DFF0 /* FeatureCard.swift in Sources */,
				A914D2F5CB78985AFE5A2382 /* FeatureCardModel.swift in Sources */,
				32863F4711EE16E292E9769F /* Flashcard.swift in Sources */,
				EFDFBD1AAB6AC3196C3833E8 /* FlashcardLibrary.swift in Sources */,
				B24B571A7B626AA31788F894 /* Font.swift in Sources */,
				4F4DC56F317287B634D2EC50 /* HomeFeatureContainer.swift in Sources */,
				DA5D5EFF60CF02B5CA5955A9 /* HomeHeaderContainer.swift in Sources */,
				7FFE7A394828120C2DD8FDBC /* HomeView.swift in Sources */,
				E1214C30DD4CD24F95866724 /* HomeViewModel.swift in Sources */,
				2041310EB79240803A068953 /* IncorrectAnswerIndicator.swift in Sources */,
				444DAA944FDD6211D66398E3 /* LevelModel.swift in Sources */,
				672DA943F7DE98A24262FA00 /* LevelPage.swift in Sources */,
				B20868A339E23A59749A7337 /* LevelSelectionPage.swift in Sources */,
				F4B3E5E0361FB64ECAE9521B /* LevelSelectionViewModel.swift in Sources */,
				64E0E2F44A62A33666CC69A3 /* LevelViewModel.swift in Sources */,
				645AB2D3CE5752C7C3E15DA4 /* LibraryPhraseCardView.swift in Sources */,
				5AC72B2F972A63949E2D7F90 /* LibraryPhraseCardViewModel.swift in Sources */,
				3026E8031AF04BD503B39F0D /* LibraryView.swift in Sources */,
				718640AB87C401CD15C37DAD /* LibraryViewModel.swift in Sources */,
				0AF9B40555484C8AB126663C /* LocalPhraseRepository.swift in Sources */,
				593040550B6098B448277E3F /* LocalReviewedPhraseRepository.swift in Sources */,
				CE2A1691CE470D106488535D /* LocalTopicRepository.swift in Sources */,
				555C0B58E9D56BB87E7C9A61 /* LocalUserRepository.swift in Sources */,
				CE519A80B2AF908A087C8BD3 /* MacroProjectApp.swift in Sources */,
				55B884208E94698B48621700 /* NetworkError.swift in Sources */,
				567376CCD96D400B864A814F /* OldSignInView.swift in Sources */,
				5010523C3C2255BA11E994AB /* OnboardingViewModel.swift in Sources */,
				17BD44AF0BB84B0A07C7AC56 /* PhraseCardEntity.swift in Sources */,
				C6F7949F5704DAB7882856C4 /* PhraseCardModel.swift in Sources */,
				A7B3A17BB1CA24A8EC4A4FE9 /* PhraseCardPreview.swift in Sources */,
				A201540F2BF665E90817FCE6 /* PhraseCardRepository.swift in Sources */,
				A955535E8FDB4DB7A1B740F0 /* PhraseCardUseCase.swift in Sources */,
				3D7C6E60B0589339FD36E6E6 /* PhraseHelper.swift in Sources */,
				80F205A40138A93CCD5AD7EA /* RecapPhrasesView.swift in Sources */,
				BFA2F86DAB9AFAD220C68DF3 /* RecapViewModel.swift in Sources */,
				489F44B00C88F94FCABDABEE /* RemotePhraseRepository.swift in Sources */,
				64B6C0D0EF55587EAC274754 /* RemoteTopicRepository.swift in Sources */,
				181BFA6D3F77F18D4962CF26 /* RemoteUserRepository.swift in Sources */,
				A2BAB922556CC67FDA7220E1 /* RepositoryTaskHelper.swift in Sources */,
				6AE07FCBC74A075CD9941E3D /* ReviewBox.swift in Sources */,
				9E59022270EAE030FD870571 /* ReviewedPhraseEntity.swift in Sources */,
				E8E4FDAEBE7A1DBACF436396 /* ReviewedPhraseModel.swift in Sources */,
				9044A137F7AD501C638920A3 /* ReviewedPhraseRepository.swift in Sources */,
				41E413230F64E85FE2638516 /* ReviewedPhraseUseCase.swift in Sources */,
				1297E1100AAB1869633D158D /* RouterManagerView.swift in Sources */,
				D9B995651C997387C96F9942 /* RouterNavigation.swift in Sources */,
				0BAC3B5A49E51D7989CEA5EC /* ScrabbleComponent.swift in Sources */,
				88B432EBF4014341E6E90967 /* SignInView.swift in Sources */,
				1A1B908D89FB193D1DCFCE0A /* SignUpView.swift in Sources */,
				E2D0931A5B6965AC50A67AB4 /* StartStudyAlert.swift in Sources */,
				24013EE0D0BD383ED1875BE7 /* StickyNavHelper.swift in Sources */,
				10A9CAA471A3F52433BD7B51 /* StudyPhraseView.swift in Sources */,
				E52C096BC78F34D73DA5A3E4 /* StudyPhraseViewModel.swift in Sources */,
				E1F30BD8C6D6968D0F07716C /* SupabaseService.swift in Sources */,
				C2F97AD9E4182A4A0E599979 /* SwiftDataContextManager.swift in Sources */,
				892363962BF3F57DADF1B15E /* SwipeableAnimation.swift in Sources */,
				E715642AEB97400C49832117 /* SyncManager.swift in Sources */,
				F66A7BF6C56B7A0A27F6AF0D /* SynchronizationHelper.swift in Sources */,
				B2D71EDF4C9F4EBD8242BD48 /* TopicCardReview.swift in Sources */,
				26B710AF539FE84579E8F5B9 /* TopicCardStudy.swift in Sources */,
				D3575FD7BAF019EB20534BB9 /* TopicDTO.swift in Sources */,
				16AC086B74C03A0259A21FF2 /* TopicEntity.swift in Sources */,
				046C726F1744E99727639812 /* TopicHelper.swift in Sources */,
				DC3856A000A2BB91DC9CBF5C /* TopicModel.swift in Sources */,
				E0CE2BC7C10740FCC410118E /* TopicRepository.swift in Sources */,
				8A0C518C00972E9355D9844F /* TopicUseCase.swift in Sources */,
				CC8F7690E71A272F5848EC5A /* UserAnswerDTO.swift in Sources */,
				C110EEED3174D6AE02C9A5B2 /* UserEntity.swift in Sources */,
				21186EB721B7BC9690D346A0 /* UserModel.swift in Sources */,
				BD3CA6A2E2CAD10E4A2B2C38 /* UserRepository.swift in Sources */,
				4C805E7E7362A5F796185793 /* UserUseCase.swift in Sources */,
				7F47789E083645993A3F9C65 /* WelcomeView.swift in Sources */,
			);
			runOnlyForDeploymentPostprocessing = 0;
		};
/* End PBXSourcesBuildPhase section */

/* Begin XCBuildConfiguration section */
		03330549946E2CB831DAD49F /* Debug */ = {
			isa = XCBuildConfiguration;
			buildSettings = {
				ASSETCATALOG_COMPILER_APPICON_NAME = AppIcon;
				CODE_SIGN_IDENTITY = "iPhone Developer";
				DEVELOPMENT_TEAM = ZSHV98B7GC;
				GENERATE_INFOPLIST_FILE = YES;
				INFOPLIST_FILE = MacroProject/Info.plist;
				LD_RUNPATH_SEARCH_PATHS = (
					"$(inherited)",
					"@executable_path/Frameworks",
				);
				PRODUCT_BUNDLE_IDENTIFIER = "Agfi-Hermawan.MacroProject";
				SDKROOT = iphoneos;
				TARGETED_DEVICE_FAMILY = "1,2";
			};
			name = Debug;
		};
		ADC4F296E2208971C0AE5A76 /* Debug */ = {
			isa = XCBuildConfiguration;
			buildSettings = {
				ALWAYS_SEARCH_USER_PATHS = NO;
				CLANG_ANALYZER_NONNULL = YES;
				CLANG_ANALYZER_NUMBER_OBJECT_CONVERSION = YES_AGGRESSIVE;
				CLANG_CXX_LANGUAGE_STANDARD = "gnu++14";
				CLANG_CXX_LIBRARY = "libc++";
				CLANG_ENABLE_MODULES = YES;
				CLANG_ENABLE_OBJC_ARC = YES;
				CLANG_ENABLE_OBJC_WEAK = YES;
				CLANG_WARN_BLOCK_CAPTURE_AUTORELEASING = YES;
				CLANG_WARN_BOOL_CONVERSION = YES;
				CLANG_WARN_COMMA = YES;
				CLANG_WARN_CONSTANT_CONVERSION = YES;
				CLANG_WARN_DEPRECATED_OBJC_IMPLEMENTATIONS = YES;
				CLANG_WARN_DIRECT_OBJC_ISA_USAGE = YES_ERROR;
				CLANG_WARN_DOCUMENTATION_COMMENTS = YES;
				CLANG_WARN_EMPTY_BODY = YES;
				CLANG_WARN_ENUM_CONVERSION = YES;
				CLANG_WARN_INFINITE_RECURSION = YES;
				CLANG_WARN_INT_CONVERSION = YES;
				CLANG_WARN_NON_LITERAL_NULL_CONVERSION = YES;
				CLANG_WARN_OBJC_IMPLICIT_RETAIN_SELF = YES;
				CLANG_WARN_OBJC_LITERAL_CONVERSION = YES;
				CLANG_WARN_OBJC_ROOT_CLASS = YES_ERROR;
				CLANG_WARN_QUOTED_INCLUDE_IN_FRAMEWORK_HEADER = YES;
				CLANG_WARN_RANGE_LOOP_ANALYSIS = YES;
				CLANG_WARN_STRICT_PROTOTYPES = YES;
				CLANG_WARN_SUSPICIOUS_MOVE = YES;
				CLANG_WARN_UNGUARDED_AVAILABILITY = YES_AGGRESSIVE;
				CLANG_WARN_UNREACHABLE_CODE = YES;
				CLANG_WARN__DUPLICATE_METHOD_MATCH = YES;
				COPY_PHASE_STRIP = NO;
				CURRENT_PROJECT_VERSION = 1;
				DEBUG_INFORMATION_FORMAT = dwarf;
				ENABLE_STRICT_OBJC_MSGSEND = YES;
				ENABLE_TESTABILITY = YES;
				GCC_C_LANGUAGE_STANDARD = gnu11;
				GCC_DYNAMIC_NO_PIC = NO;
				GCC_NO_COMMON_BLOCKS = YES;
				GCC_OPTIMIZATION_LEVEL = 0;
				GCC_PREPROCESSOR_DEFINITIONS = (
					"$(inherited)",
					"DEBUG=1",
				);
				GCC_WARN_64_TO_32_BIT_CONVERSION = YES;
				GCC_WARN_ABOUT_RETURN_TYPE = YES_ERROR;
				GCC_WARN_UNDECLARED_SELECTOR = YES;
				GCC_WARN_UNINITIALIZED_AUTOS = YES_AGGRESSIVE;
				GCC_WARN_UNUSED_FUNCTION = YES;
				GCC_WARN_UNUSED_VARIABLE = YES;
				MARKETING_VERSION = 1.0;
				MTL_ENABLE_DEBUG_INFO = INCLUDE_SOURCE;
				MTL_FAST_MATH = YES;
				ONLY_ACTIVE_ARCH = YES;
				PRODUCT_NAME = "$(TARGET_NAME)";
				SDKROOT = iphoneos;
				SWIFT_ACTIVE_COMPILATION_CONDITIONS = DEBUG;
				SWIFT_OPTIMIZATION_LEVEL = "-Onone";
				SWIFT_VERSION = 5.0;
			};
			name = Debug;
		};
		B19D0EAA32DD9B1B439C3F80 /* Release */ = {
			isa = XCBuildConfiguration;
			buildSettings = {
				ALWAYS_SEARCH_USER_PATHS = NO;
				CLANG_ANALYZER_NONNULL = YES;
				CLANG_ANALYZER_NUMBER_OBJECT_CONVERSION = YES_AGGRESSIVE;
				CLANG_CXX_LANGUAGE_STANDARD = "gnu++14";
				CLANG_CXX_LIBRARY = "libc++";
				CLANG_ENABLE_MODULES = YES;
				CLANG_ENABLE_OBJC_ARC = YES;
				CLANG_ENABLE_OBJC_WEAK = YES;
				CLANG_WARN_BLOCK_CAPTURE_AUTORELEASING = YES;
				CLANG_WARN_BOOL_CONVERSION = YES;
				CLANG_WARN_COMMA = YES;
				CLANG_WARN_CONSTANT_CONVERSION = YES;
				CLANG_WARN_DEPRECATED_OBJC_IMPLEMENTATIONS = YES;
				CLANG_WARN_DIRECT_OBJC_ISA_USAGE = YES_ERROR;
				CLANG_WARN_DOCUMENTATION_COMMENTS = YES;
				CLANG_WARN_EMPTY_BODY = YES;
				CLANG_WARN_ENUM_CONVERSION = YES;
				CLANG_WARN_INFINITE_RECURSION = YES;
				CLANG_WARN_INT_CONVERSION = YES;
				CLANG_WARN_NON_LITERAL_NULL_CONVERSION = YES;
				CLANG_WARN_OBJC_IMPLICIT_RETAIN_SELF = YES;
				CLANG_WARN_OBJC_LITERAL_CONVERSION = YES;
				CLANG_WARN_OBJC_ROOT_CLASS = YES_ERROR;
				CLANG_WARN_QUOTED_INCLUDE_IN_FRAMEWORK_HEADER = YES;
				CLANG_WARN_RANGE_LOOP_ANALYSIS = YES;
				CLANG_WARN_STRICT_PROTOTYPES = YES;
				CLANG_WARN_SUSPICIOUS_MOVE = YES;
				CLANG_WARN_UNGUARDED_AVAILABILITY = YES_AGGRESSIVE;
				CLANG_WARN_UNREACHABLE_CODE = YES;
				CLANG_WARN__DUPLICATE_METHOD_MATCH = YES;
				COPY_PHASE_STRIP = NO;
				CURRENT_PROJECT_VERSION = 1;
				DEBUG_INFORMATION_FORMAT = "dwarf-with-dsym";
				ENABLE_NS_ASSERTIONS = NO;
				ENABLE_STRICT_OBJC_MSGSEND = YES;
				GCC_C_LANGUAGE_STANDARD = gnu11;
				GCC_NO_COMMON_BLOCKS = YES;
				GCC_WARN_64_TO_32_BIT_CONVERSION = YES;
				GCC_WARN_ABOUT_RETURN_TYPE = YES_ERROR;
				GCC_WARN_UNDECLARED_SELECTOR = YES;
				GCC_WARN_UNINITIALIZED_AUTOS = YES_AGGRESSIVE;
				GCC_WARN_UNUSED_FUNCTION = YES;
				GCC_WARN_UNUSED_VARIABLE = YES;
				MARKETING_VERSION = 1.0;
				MTL_ENABLE_DEBUG_INFO = NO;
				MTL_FAST_MATH = YES;
				PRODUCT_NAME = "$(TARGET_NAME)";
				SDKROOT = iphoneos;
				SWIFT_COMPILATION_MODE = wholemodule;
				SWIFT_OPTIMIZATION_LEVEL = "-O";
				SWIFT_VERSION = 5.0;
			};
			name = Release;
		};
		CED78620AE099B7CBCB87B6A /* Release */ = {
			isa = XCBuildConfiguration;
			buildSettings = {
				ASSETCATALOG_COMPILER_APPICON_NAME = AppIcon;
				CODE_SIGN_IDENTITY = "iPhone Developer";
				DEVELOPMENT_TEAM = ZSHV98B7GC;
				GENERATE_INFOPLIST_FILE = YES;
				INFOPLIST_FILE = MacroProject/Info.plist;
				LD_RUNPATH_SEARCH_PATHS = (
					"$(inherited)",
					"@executable_path/Frameworks",
				);
				PRODUCT_BUNDLE_IDENTIFIER = "Agfi-Hermawan.MacroProject";
				SDKROOT = iphoneos;
				TARGETED_DEVICE_FAMILY = "1,2";
			};
			name = Release;
		};
/* End XCBuildConfiguration section */

/* Begin XCConfigurationList section */
		3D7EB02BE4B3CDBF2C4E1FCF /* Build configuration list for PBXProject "MacroProject" */ = {
			isa = XCConfigurationList;
			buildConfigurations = (
				ADC4F296E2208971C0AE5A76 /* Debug */,
				B19D0EAA32DD9B1B439C3F80 /* Release */,
			);
			defaultConfigurationIsVisible = 0;
			defaultConfigurationName = Debug;
		};
		4B1593224996BE6F2C172101 /* Build configuration list for PBXNativeTarget "MacroProject" */ = {
			isa = XCConfigurationList;
			buildConfigurations = (
				03330549946E2CB831DAD49F /* Debug */,
				CED78620AE099B7CBCB87B6A /* Release */,
			);
			defaultConfigurationIsVisible = 0;
			defaultConfigurationName = Debug;
		};
/* End XCConfigurationList section */

/* Begin XCRemoteSwiftPackageReference section */
		DAFA4F9DDC1538ACB929204A /* XCRemoteSwiftPackageReference "supabase-swift" */ = {
			isa = XCRemoteSwiftPackageReference;
			repositoryURL = "https://github.com/supabase/supabase-swift.git";
			requirement = {
				kind = upToNextMinorVersion;
				minimumVersion = 2.5.1;
			};
		};
/* End XCRemoteSwiftPackageReference section */

/* Begin XCSwiftPackageProductDependency section */
		4FAF8E25BA908B4C2E729874 /* Supabase */ = {
			isa = XCSwiftPackageProductDependency;
			package = DAFA4F9DDC1538ACB929204A /* XCRemoteSwiftPackageReference "supabase-swift" */;
			productName = Supabase;
		};
		D9C97D862CDCFEC700EA5479 /* Auth */ = {
			isa = XCSwiftPackageProductDependency;
			package = DAFA4F9DDC1538ACB929204A /* XCRemoteSwiftPackageReference "supabase-swift" */;
			productName = Auth;
		};
		D9C97D882CDCFEC700EA5479 /* Functions */ = {
			isa = XCSwiftPackageProductDependency;
			package = DAFA4F9DDC1538ACB929204A /* XCRemoteSwiftPackageReference "supabase-swift" */;
			productName = Functions;
		};
		D9C97D8A2CDCFEC700EA5479 /* PostgREST */ = {
			isa = XCSwiftPackageProductDependency;
			package = DAFA4F9DDC1538ACB929204A /* XCRemoteSwiftPackageReference "supabase-swift" */;
			productName = PostgREST;
		};
		D9C97D8C2CDCFEC700EA5479 /* Realtime */ = {
			isa = XCSwiftPackageProductDependency;
			package = DAFA4F9DDC1538ACB929204A /* XCRemoteSwiftPackageReference "supabase-swift" */;
			productName = Realtime;
		};
		D9C97D8E2CDCFEC800EA5479 /* Storage */ = {
			isa = XCSwiftPackageProductDependency;
			package = DAFA4F9DDC1538ACB929204A /* XCRemoteSwiftPackageReference "supabase-swift" */;
			productName = Storage;
		};
/* End XCSwiftPackageProductDependency section */
	};
	rootObject = 0E9342DBB1E2DE699C963E78 /* Project object */;
}
